// !$*UTF8*$!
{
	archiveVersion = 1;
	classes = {
	};
	objectVersion = 46;
	objects = {

/* Begin PBXBuildFile section */
		14151C36199DB8BC0097B3A1 /* ObjectDataFactory.cpp in Sources */ = {isa = PBXBuildFile; fileRef = 14151C34199DB8BC0097B3A1 /* ObjectDataFactory.cpp */; };
		143C5C3E199E25A10041FFEB /* BossDataFactory.cpp in Sources */ = {isa = PBXBuildFile; fileRef = 143C5C3C199E25A10041FFEB /* BossDataFactory.cpp */; };
		143C5C47199E26650041FFEB /* BossData.cpp in Sources */ = {isa = PBXBuildFile; fileRef = 143C5C45199E26650041FFEB /* BossData.cpp */; };
		143C5C4A199E2AED0041FFEB /* ItemDataFactory.cpp in Sources */ = {isa = PBXBuildFile; fileRef = 143C5C48199E2AED0041FFEB /* ItemDataFactory.cpp */; };
		143C5C4D199E2BEF0041FFEB /* ItemData.cpp in Sources */ = {isa = PBXBuildFile; fileRef = 143C5C4B199E2BEF0041FFEB /* ItemData.cpp */; };
		143C5C50199E2C6F0041FFEB /* MagicData.cpp in Sources */ = {isa = PBXBuildFile; fileRef = 143C5C4E199E2C6F0041FFEB /* MagicData.cpp */; };
		143C5C53199E31E70041FFEB /* MagicDataFactory.cpp in Sources */ = {isa = PBXBuildFile; fileRef = 143C5C51199E31E70041FFEB /* MagicDataFactory.cpp */; };
		143C5C55199E484F0041FFEB /* bossData.plist in Resources */ = {isa = PBXBuildFile; fileRef = 143C5C54199E484F0041FFEB /* bossData.plist */; };
		145D32101907B8130067B357 /* OpeningLayer.cpp in Sources */ = {isa = PBXBuildFile; fileRef = 145D32071907B8130067B357 /* OpeningLayer.cpp */; };
		145D32121907B8130067B357 /* MainScene.cpp in Sources */ = {isa = PBXBuildFile; fileRef = 145D320C1907B8130067B357 /* MainScene.cpp */; };
		145D32271907B8270067B357 /* fileLookup.plist in Resources */ = {isa = PBXBuildFile; fileRef = 145D321A1907B8270067B357 /* fileLookup.plist */; };
		145D32281907B8270067B357 /* Footer.ccbi in Resources */ = {isa = PBXBuildFile; fileRef = 145D321B1907B8270067B357 /* Footer.ccbi */; };
		145D322B1907B8270067B357 /* InputResultScene.ccbi in Resources */ = {isa = PBXBuildFile; fileRef = 145D321E1907B8270067B357 /* InputResultScene.ccbi */; };
		145D322C1907B8270067B357 /* MainScene.ccbi in Resources */ = {isa = PBXBuildFile; fileRef = 145D321F1907B8270067B357 /* MainScene.ccbi */; };
		145D322E1907B8270067B357 /* Opening.ccbi in Resources */ = {isa = PBXBuildFile; fileRef = 145D32211907B8270067B357 /* Opening.ccbi */; };
		145D32321907B8270067B357 /* SelectZoneScene.ccbi in Resources */ = {isa = PBXBuildFile; fileRef = 145D32251907B8270067B357 /* SelectZoneScene.ccbi */; };
		145F0D8C199DCF930063F8FB /* ObjectData.cpp in Sources */ = {isa = PBXBuildFile; fileRef = 145F0D8A199DCF930063F8FB /* ObjectData.cpp */; };
		145F0D95199DDD830063F8FB /* UnitData.cpp in Sources */ = {isa = PBXBuildFile; fileRef = 145F0D93199DDD830063F8FB /* UnitData.cpp */; };
		145F0D98199DDEA00063F8FB /* UnitDataFactory.cpp in Sources */ = {isa = PBXBuildFile; fileRef = 145F0D96199DDEA00063F8FB /* UnitDataFactory.cpp */; };
		147947C01998990D00649875 /* UCAnimation.cpp in Sources */ = {isa = PBXBuildFile; fileRef = 147947BE1998990D00649875 /* UCAnimation.cpp */; };
		1483411C199CB31F00717A59 /* GameObject.cpp in Sources */ = {isa = PBXBuildFile; fileRef = 1483411A199CB31F00717A59 /* GameObject.cpp */; };
		1483411F199CB81E00717A59 /* GameObjectFactory.cpp in Sources */ = {isa = PBXBuildFile; fileRef = 1483411D199CB81E00717A59 /* GameObjectFactory.cpp */; };
		14834122199CBBF400717A59 /* UnitFactory.cpp in Sources */ = {isa = PBXBuildFile; fileRef = 14834120199CBBF400717A59 /* UnitFactory.cpp */; };
		14834125199CBCCF00717A59 /* Unit.cpp in Sources */ = {isa = PBXBuildFile; fileRef = 14834123199CBCCF00717A59 /* Unit.cpp */; };
		14834128199CBE6D00717A59 /* ItemFactory.cpp in Sources */ = {isa = PBXBuildFile; fileRef = 14834126199CBE6D00717A59 /* ItemFactory.cpp */; };
		1483412B199CBF3000717A59 /* Item.cpp in Sources */ = {isa = PBXBuildFile; fileRef = 14834129199CBF3000717A59 /* Item.cpp */; };
		1483412E199CC05300717A59 /* MagicFactory.cpp in Sources */ = {isa = PBXBuildFile; fileRef = 1483412C199CC05300717A59 /* MagicFactory.cpp */; };
		14834131199CC12800717A59 /* Magic.cpp in Sources */ = {isa = PBXBuildFile; fileRef = 1483412F199CC12800717A59 /* Magic.cpp */; };
		14834134199CC58600717A59 /* Test.cpp in Sources */ = {isa = PBXBuildFile; fileRef = 14834132199CC58600717A59 /* Test.cpp */; };
		14834140199CCF4C00717A59 /* BossFactory.cpp in Sources */ = {isa = PBXBuildFile; fileRef = 1483413E199CCF4C00717A59 /* BossFactory.cpp */; };
		14834143199CD05700717A59 /* Boss.cpp in Sources */ = {isa = PBXBuildFile; fileRef = 14834141199CD05700717A59 /* Boss.cpp */; };
		14834146199CD22900717A59 /* BattleController.cpp in Sources */ = {isa = PBXBuildFile; fileRef = 14834144199CD22900717A59 /* BattleController.cpp */; };
		14834149199CD6D200717A59 /* Field.cpp in Sources */ = {isa = PBXBuildFile; fileRef = 14834147199CD6D200717A59 /* Field.cpp */; };
		1483414C199CDF3100717A59 /* User.cpp in Sources */ = {isa = PBXBuildFile; fileRef = 1483414A199CDF3100717A59 /* User.cpp */; };
		1483414F199CE46400717A59 /* BaseObject.cpp in Sources */ = {isa = PBXBuildFile; fileRef = 1483414D199CE46400717A59 /* BaseObject.cpp */; };
		14834151199CEE7800717A59 /* config.plist in Resources */ = {isa = PBXBuildFile; fileRef = 14834150199CEE7800717A59 /* config.plist */; };
		14991091197FD474004672FA /* unitData.plist in Resources */ = {isa = PBXBuildFile; fileRef = 14991090197FD474004672FA /* unitData.plist */; };
		1499109A197FDFDE004672FA /* GameController.cpp in Sources */ = {isa = PBXBuildFile; fileRef = 14991099197FDFDE004672FA /* GameController.cpp */; };
		14998D751945B9C70062FF0A /* RigidScene.ccbi in Resources */ = {isa = PBXBuildFile; fileRef = 14998D731945B9C70062FF0A /* RigidScene.ccbi */; };
		14998D761945B9C70062FF0A /* LiquidScene.ccbi in Resources */ = {isa = PBXBuildFile; fileRef = 14998D741945B9C70062FF0A /* LiquidScene.ccbi */; };
		14AC7753196E4C2B005047F1 /* libNendAd.a in Frameworks */ = {isa = PBXBuildFile; fileRef = 14AC774D196E4C2B005047F1 /* libNendAd.a */; };
		14AC7754196E4C2C005047F1 /* NADView_readme.txt in Resources */ = {isa = PBXBuildFile; fileRef = 14AC7752196E4C2B005047F1 /* NADView_readme.txt */; };
		14AC775C196E4C65005047F1 /* AdSupport.framework in Frameworks */ = {isa = PBXBuildFile; fileRef = 14AC775B196E4C65005047F1 /* AdSupport.framework */; settings = {ATTRIBUTES = (Weak, ); }; };
		14AC775E196E4C6F005047F1 /* Security.framework in Frameworks */ = {isa = PBXBuildFile; fileRef = 14AC775D196E4C6F005047F1 /* Security.framework */; settings = {ATTRIBUTES = (Required, ); }; };
		14AC7760196E4C7D005047F1 /* ImageIO.framework in Frameworks */ = {isa = PBXBuildFile; fileRef = 14AC775F196E4C7D005047F1 /* ImageIO.framework */; settings = {ATTRIBUTES = (Required, ); }; };
		14AC7777196E5897005047F1 /* NendModule.mm in Sources */ = {isa = PBXBuildFile; fileRef = 14AC7775196E5897005047F1 /* NendModule.mm */; };
		14AC7778196E5897005047F1 /* NendIconModule.mm in Sources */ = {isa = PBXBuildFile; fileRef = 14AC7776196E5897005047F1 /* NendIconModule.mm */; };
		14DADDDE193F27AB0026DEE0 /* GLES-Render.cpp in Sources */ = {isa = PBXBuildFile; fileRef = 14DADDDB193F27AB0026DEE0 /* GLES-Render.cpp */; };
		14DADDE8193F2B120026DEE0 /* LiquidScene.cpp in Sources */ = {isa = PBXBuildFile; fileRef = 14DADDE7193F2B120026DEE0 /* LiquidScene.cpp */; };
		1ACB3244164770DE00914215 /* libcurl.a in Frameworks */ = {isa = PBXBuildFile; fileRef = 1ACB3243164770DE00914215 /* libcurl.a */; };
		1AF4C2F417865DCB00122817 /* libbox2d iOS.a in Frameworks */ = {isa = PBXBuildFile; fileRef = 1AF4C2E317865D9500122817 /* libbox2d iOS.a */; };
		1AF4C2F517865DCB00122817 /* libchipmunk iOS.a in Frameworks */ = {isa = PBXBuildFile; fileRef = 1AF4C2E117865D9500122817 /* libchipmunk iOS.a */; };
		1AF4C2F617865DCB00122817 /* libcocos2dx iOS.a in Frameworks */ = {isa = PBXBuildFile; fileRef = 1AF4C2DD17865D9500122817 /* libcocos2dx iOS.a */; };
		1AF4C2F717865DCB00122817 /* libcocos2dx-extensions iOS.a in Frameworks */ = {isa = PBXBuildFile; fileRef = 1AF4C2DF17865D9500122817 /* libcocos2dx-extensions iOS.a */; };
		1AF4C2F817865DCB00122817 /* libCocosDenshion iOS.a in Frameworks */ = {isa = PBXBuildFile; fileRef = 1AF4C2E517865D9500122817 /* libCocosDenshion iOS.a */; };
		1AFAF8B716D35DE700DB1158 /* AppDelegate.cpp in Sources */ = {isa = PBXBuildFile; fileRef = 1AFAF8B316D35DE700DB1158 /* AppDelegate.cpp */; };
		1D60589F0D05DD5A006BFB54 /* Foundation.framework in Frameworks */ = {isa = PBXBuildFile; fileRef = 1D30AB110D05D00D00671497 /* Foundation.framework */; };
		1DF5F4E00D08C38300B7A737 /* UIKit.framework in Frameworks */ = {isa = PBXBuildFile; fileRef = 1DF5F4DF0D08C38300B7A737 /* UIKit.framework */; };
		288765A50DF7441C002DB57D /* CoreGraphics.framework in Frameworks */ = {isa = PBXBuildFile; fileRef = 288765A40DF7441C002DB57D /* CoreGraphics.framework */; };
		503AE0F817EB97AB00D1A890 /* Icon.icns in Resources */ = {isa = PBXBuildFile; fileRef = 503AE0F617EB97AB00D1A890 /* Icon.icns */; };
		503AE10017EB989F00D1A890 /* AppController.mm in Sources */ = {isa = PBXBuildFile; fileRef = 503AE0FB17EB989F00D1A890 /* AppController.mm */; };
		503AE10117EB989F00D1A890 /* main.m in Sources */ = {isa = PBXBuildFile; fileRef = 503AE0FC17EB989F00D1A890 /* main.m */; };
		503AE10217EB989F00D1A890 /* RootViewController.mm in Sources */ = {isa = PBXBuildFile; fileRef = 503AE0FF17EB989F00D1A890 /* RootViewController.mm */; };
		503AE10517EB98FF00D1A890 /* main.cpp in Sources */ = {isa = PBXBuildFile; fileRef = 503AE10317EB98FF00D1A890 /* main.cpp */; };
		503AE11217EB99EE00D1A890 /* libcurl.dylib in Frameworks */ = {isa = PBXBuildFile; fileRef = 503AE11117EB99EE00D1A890 /* libcurl.dylib */; };
		503AE11317EB9C0700D1A890 /* libbox2d Mac.a in Frameworks */ = {isa = PBXBuildFile; fileRef = 1AF4C2D517865D9500122817 /* libbox2d Mac.a */; };
		503AE11417EB9C0700D1A890 /* libchipmunk Mac.a in Frameworks */ = {isa = PBXBuildFile; fileRef = 1AF4C2D317865D9500122817 /* libchipmunk Mac.a */; };
		503AE11517EB9C0700D1A890 /* libcocos2dx Mac.a in Frameworks */ = {isa = PBXBuildFile; fileRef = 1AF4C2CF17865D9500122817 /* libcocos2dx Mac.a */; };
		503AE11617EB9C0700D1A890 /* libcocos2dx-extensions Mac.a in Frameworks */ = {isa = PBXBuildFile; fileRef = 1AF4C2D117865D9500122817 /* libcocos2dx-extensions Mac.a */; };
		503AE11717EB9C0700D1A890 /* libCocosDenshion Mac.a in Frameworks */ = {isa = PBXBuildFile; fileRef = 1AF4C2D717865D9500122817 /* libCocosDenshion Mac.a */; };
		503AE11B17EB9C5A00D1A890 /* IOKit.framework in Frameworks */ = {isa = PBXBuildFile; fileRef = 503AE11A17EB9C5A00D1A890 /* IOKit.framework */; };
		5087E75717EB910900C73F5D /* AppDelegate.cpp in Sources */ = {isa = PBXBuildFile; fileRef = 1AFAF8B316D35DE700DB1158 /* AppDelegate.cpp */; };
		5087E76317EB910900C73F5D /* Foundation.framework in Frameworks */ = {isa = PBXBuildFile; fileRef = 1D30AB110D05D00D00671497 /* Foundation.framework */; };
		5087E76517EB910900C73F5D /* CoreGraphics.framework in Frameworks */ = {isa = PBXBuildFile; fileRef = 288765A40DF7441C002DB57D /* CoreGraphics.framework */; };
		5087E76717EB910900C73F5D /* libz.dylib in Frameworks */ = {isa = PBXBuildFile; fileRef = BF170DB412928DE900B8313A /* libz.dylib */; };
		5087E76817EB910900C73F5D /* QuartzCore.framework in Frameworks */ = {isa = PBXBuildFile; fileRef = BF1C47EA1293683800B63C5D /* QuartzCore.framework */; };
		5087E76917EB910900C73F5D /* OpenAL.framework in Frameworks */ = {isa = PBXBuildFile; fileRef = D44C620B132DFF330009C878 /* OpenAL.framework */; };
		5087E76A17EB910900C73F5D /* AVFoundation.framework in Frameworks */ = {isa = PBXBuildFile; fileRef = D44C620D132DFF430009C878 /* AVFoundation.framework */; };
		5087E76B17EB910900C73F5D /* AudioToolbox.framework in Frameworks */ = {isa = PBXBuildFile; fileRef = D44C620F132DFF4E0009C878 /* AudioToolbox.framework */; };
		5087E77D17EB970100C73F5D /* Default-568h@2x.png in Resources */ = {isa = PBXBuildFile; fileRef = 5087E77217EB970100C73F5D /* Default-568h@2x.png */; };
		5087E77E17EB970100C73F5D /* Default.png in Resources */ = {isa = PBXBuildFile; fileRef = 5087E77317EB970100C73F5D /* Default.png */; };
		5087E77F17EB970100C73F5D /* Default@2x.png in Resources */ = {isa = PBXBuildFile; fileRef = 5087E77417EB970100C73F5D /* Default@2x.png */; };
		5087E78017EB970100C73F5D /* Icon-114.png in Resources */ = {isa = PBXBuildFile; fileRef = 5087E77517EB970100C73F5D /* Icon-114.png */; };
		5087E78117EB970100C73F5D /* Icon-120.png in Resources */ = {isa = PBXBuildFile; fileRef = 5087E77617EB970100C73F5D /* Icon-120.png */; };
		5087E78217EB970100C73F5D /* Icon-144.png in Resources */ = {isa = PBXBuildFile; fileRef = 5087E77717EB970100C73F5D /* Icon-144.png */; };
		5087E78317EB970100C73F5D /* Icon-152.png in Resources */ = {isa = PBXBuildFile; fileRef = 5087E77817EB970100C73F5D /* Icon-152.png */; };
		5087E78417EB970100C73F5D /* Icon-57.png in Resources */ = {isa = PBXBuildFile; fileRef = 5087E77917EB970100C73F5D /* Icon-57.png */; };
		5087E78517EB970100C73F5D /* Icon-72.png in Resources */ = {isa = PBXBuildFile; fileRef = 5087E77A17EB970100C73F5D /* Icon-72.png */; };
		5087E78617EB970100C73F5D /* Icon-76.png in Resources */ = {isa = PBXBuildFile; fileRef = 5087E77B17EB970100C73F5D /* Icon-76.png */; };
		5087E78917EB974C00C73F5D /* AppKit.framework in Frameworks */ = {isa = PBXBuildFile; fileRef = 5087E78817EB974C00C73F5D /* AppKit.framework */; };
		5087E78B17EB975400C73F5D /* OpenGL.framework in Frameworks */ = {isa = PBXBuildFile; fileRef = 5087E78A17EB975400C73F5D /* OpenGL.framework */; };
		50EF629617ECD46A001EB2F8 /* Icon-40.png in Resources */ = {isa = PBXBuildFile; fileRef = 50EF629217ECD46A001EB2F8 /* Icon-40.png */; };
		50EF629717ECD46A001EB2F8 /* Icon-58.png in Resources */ = {isa = PBXBuildFile; fileRef = 50EF629317ECD46A001EB2F8 /* Icon-58.png */; };
		50EF629817ECD46A001EB2F8 /* Icon-80.png in Resources */ = {isa = PBXBuildFile; fileRef = 50EF629417ECD46A001EB2F8 /* Icon-80.png */; };
		50EF629917ECD46A001EB2F8 /* Icon-100.png in Resources */ = {isa = PBXBuildFile; fileRef = 50EF629517ECD46A001EB2F8 /* Icon-100.png */; };
		50EF62A217ECD613001EB2F8 /* Icon-29.png in Resources */ = {isa = PBXBuildFile; fileRef = 50EF62A017ECD613001EB2F8 /* Icon-29.png */; };
		50EF62A317ECD613001EB2F8 /* Icon-50.png in Resources */ = {isa = PBXBuildFile; fileRef = 50EF62A117ECD613001EB2F8 /* Icon-50.png */; };
		BF171245129291EC00B8313A /* OpenGLES.framework in Frameworks */ = {isa = PBXBuildFile; fileRef = BF170DB012928DE900B8313A /* OpenGLES.framework */; };
		BF1712471292920000B8313A /* libz.dylib in Frameworks */ = {isa = PBXBuildFile; fileRef = BF170DB412928DE900B8313A /* libz.dylib */; };
		BF1C47F01293687400B63C5D /* QuartzCore.framework in Frameworks */ = {isa = PBXBuildFile; fileRef = BF1C47EA1293683800B63C5D /* QuartzCore.framework */; };
		D44C620C132DFF330009C878 /* OpenAL.framework in Frameworks */ = {isa = PBXBuildFile; fileRef = D44C620B132DFF330009C878 /* OpenAL.framework */; };
		D44C620E132DFF430009C878 /* AVFoundation.framework in Frameworks */ = {isa = PBXBuildFile; fileRef = D44C620D132DFF430009C878 /* AVFoundation.framework */; };
		D44C6210132DFF4E0009C878 /* AudioToolbox.framework in Frameworks */ = {isa = PBXBuildFile; fileRef = D44C620F132DFF4E0009C878 /* AudioToolbox.framework */; };
		F8E592DF199E657300306809 /* UnitCage.cpp in Sources */ = {isa = PBXBuildFile; fileRef = F8E592DD199E657300306809 /* UnitCage.cpp */; };
		F8E592F3199F20DE00306809 /* BossDataDisplay.cpp in Sources */ = {isa = PBXBuildFile; fileRef = F8E592F1199F20DE00306809 /* BossDataDisplay.cpp */; };
		F8E592F6199F262200306809 /* GameConfig.cpp in Sources */ = {isa = PBXBuildFile; fileRef = F8E592F4199F262200306809 /* GameConfig.cpp */; };
		F8F56D7B197104250011EE0C /* resources-large in Resources */ = {isa = PBXBuildFile; fileRef = F8F56D77197104250011EE0C /* resources-large */; };
		F8F56D7C197104250011EE0C /* resources-medium in Resources */ = {isa = PBXBuildFile; fileRef = F8F56D78197104250011EE0C /* resources-medium */; };
		F8F56D7D197104250011EE0C /* resources-small in Resources */ = {isa = PBXBuildFile; fileRef = F8F56D79197104250011EE0C /* resources-small */; };
		F8F56D7E197104250011EE0C /* resources-xlarge in Resources */ = {isa = PBXBuildFile; fileRef = F8F56D7A197104250011EE0C /* resources-xlarge */; };
		F8F56D80197104330011EE0C /* ccbResources in Resources */ = {isa = PBXBuildFile; fileRef = F8F56D7F197104330011EE0C /* ccbResources */; };
		F8F56D8D1971183B0011EE0C /* AppManager.cpp in Sources */ = {isa = PBXBuildFile; fileRef = F8F56D8B1971183B0011EE0C /* AppManager.cpp */; };
		F8F56D9419711AFA0011EE0C /* AudioManager.cpp in Sources */ = {isa = PBXBuildFile; fileRef = F8F56D8E19711AFA0011EE0C /* AudioManager.cpp */; };
		F8F56D9519711AFA0011EE0C /* UserData.cpp in Sources */ = {isa = PBXBuildFile; fileRef = F8F56D9019711AFA0011EE0C /* UserData.cpp */; };
		F8F56D9619711AFA0011EE0C /* Utility.cpp in Sources */ = {isa = PBXBuildFile; fileRef = F8F56D9219711AFA0011EE0C /* Utility.cpp */; };
/* End PBXBuildFile section */

/* Begin PBXContainerItemProxy section */
		1AF4C2CE17865D9500122817 /* PBXContainerItemProxy */ = {
			isa = PBXContainerItemProxy;
			containerPortal = 1AF4C2BB17865D9500122817 /* cocos2d_libs.xcodeproj */;
			proxyType = 2;
			remoteGlobalIDString = 1551A33F158F2AB200E66CFE;
			remoteInfo = "cocos2dx Mac";
		};
		1AF4C2D017865D9500122817 /* PBXContainerItemProxy */ = {
			isa = PBXContainerItemProxy;
			containerPortal = 1AF4C2BB17865D9500122817 /* cocos2d_libs.xcodeproj */;
			proxyType = 2;
			remoteGlobalIDString = A03F2FD617814595006731B9;
			remoteInfo = "cocos2dx-extensions Mac";
		};
		1AF4C2D217865D9500122817 /* PBXContainerItemProxy */ = {
			isa = PBXContainerItemProxy;
			containerPortal = 1AF4C2BB17865D9500122817 /* cocos2d_libs.xcodeproj */;
			proxyType = 2;
			remoteGlobalIDString = A03F2CB81780BD04006731B9;
			remoteInfo = "chipmunk Mac";
		};
		1AF4C2D417865D9500122817 /* PBXContainerItemProxy */ = {
			isa = PBXContainerItemProxy;
			containerPortal = 1AF4C2BB17865D9500122817 /* cocos2d_libs.xcodeproj */;
			proxyType = 2;
			remoteGlobalIDString = A03F2D9B1780BDF7006731B9;
			remoteInfo = "box2d Mac";
		};
		1AF4C2D617865D9500122817 /* PBXContainerItemProxy */ = {
			isa = PBXContainerItemProxy;
			containerPortal = 1AF4C2BB17865D9500122817 /* cocos2d_libs.xcodeproj */;
			proxyType = 2;
			remoteGlobalIDString = A03F2ED617814268006731B9;
			remoteInfo = "CocosDenshion Mac";
		};
		1AF4C2D817865D9500122817 /* PBXContainerItemProxy */ = {
			isa = PBXContainerItemProxy;
			containerPortal = 1AF4C2BB17865D9500122817 /* cocos2d_libs.xcodeproj */;
			proxyType = 2;
			remoteGlobalIDString = A03F31FD1781479B006731B9;
			remoteInfo = "jsbindings Mac";
		};
		1AF4C2DA17865D9500122817 /* PBXContainerItemProxy */ = {
			isa = PBXContainerItemProxy;
			containerPortal = 1AF4C2BB17865D9500122817 /* cocos2d_libs.xcodeproj */;
			proxyType = 2;
			remoteGlobalIDString = 1A6FB53017854BC300CDF010;
			remoteInfo = "luabindings Mac";
		};
		1AF4C2DC17865D9500122817 /* PBXContainerItemProxy */ = {
			isa = PBXContainerItemProxy;
			containerPortal = 1AF4C2BB17865D9500122817 /* cocos2d_libs.xcodeproj */;
			proxyType = 2;
			remoteGlobalIDString = A07A4D641783777C0073F6A7;
			remoteInfo = "cocos2dx iOS";
		};
		1AF4C2DE17865D9500122817 /* PBXContainerItemProxy */ = {
			isa = PBXContainerItemProxy;
			containerPortal = 1AF4C2BB17865D9500122817 /* cocos2d_libs.xcodeproj */;
			proxyType = 2;
			remoteGlobalIDString = A07A4EFC1783867C0073F6A7;
			remoteInfo = "cocos2dx-extensions iOS";
		};
		1AF4C2E017865D9500122817 /* PBXContainerItemProxy */ = {
			isa = PBXContainerItemProxy;
			containerPortal = 1AF4C2BB17865D9500122817 /* cocos2d_libs.xcodeproj */;
			proxyType = 2;
			remoteGlobalIDString = A07A4F3B178387670073F6A7;
			remoteInfo = "chipmunk iOS";
		};
		1AF4C2E217865D9500122817 /* PBXContainerItemProxy */ = {
			isa = PBXContainerItemProxy;
			containerPortal = 1AF4C2BB17865D9500122817 /* cocos2d_libs.xcodeproj */;
			proxyType = 2;
			remoteGlobalIDString = A07A4F9E1783876B0073F6A7;
			remoteInfo = "box2d iOS";
		};
		1AF4C2E417865D9500122817 /* PBXContainerItemProxy */ = {
			isa = PBXContainerItemProxy;
			containerPortal = 1AF4C2BB17865D9500122817 /* cocos2d_libs.xcodeproj */;
			proxyType = 2;
			remoteGlobalIDString = A07A4FB4178387730073F6A7;
			remoteInfo = "CocosDenshion iOS";
		};
		1AF4C2E617865D9500122817 /* PBXContainerItemProxy */ = {
			isa = PBXContainerItemProxy;
			containerPortal = 1AF4C2BB17865D9500122817 /* cocos2d_libs.xcodeproj */;
			proxyType = 2;
			remoteGlobalIDString = A07A5030178387750073F6A7;
			remoteInfo = "jsbindings iOS";
		};
		1AF4C2E817865D9500122817 /* PBXContainerItemProxy */ = {
			isa = PBXContainerItemProxy;
			containerPortal = 1AF4C2BB17865D9500122817 /* cocos2d_libs.xcodeproj */;
			proxyType = 2;
			remoteGlobalIDString = 1A119791178526AA00D62A44;
			remoteInfo = "luabindings iOS";
		};
		1AF4C2EA17865DB400122817 /* PBXContainerItemProxy */ = {
			isa = PBXContainerItemProxy;
			containerPortal = 1AF4C2BB17865D9500122817 /* cocos2d_libs.xcodeproj */;
			proxyType = 1;
			remoteGlobalIDString = A07A4C241783777C0073F6A7;
			remoteInfo = "cocos2dx iOS";
		};
		1AF4C2EC17865DB400122817 /* PBXContainerItemProxy */ = {
			isa = PBXContainerItemProxy;
			containerPortal = 1AF4C2BB17865D9500122817 /* cocos2d_libs.xcodeproj */;
			proxyType = 1;
			remoteGlobalIDString = A07A4E111783867C0073F6A7;
			remoteInfo = "cocos2dx-extensions iOS";
		};
		1AF4C2EE17865DB400122817 /* PBXContainerItemProxy */ = {
			isa = PBXContainerItemProxy;
			containerPortal = 1AF4C2BB17865D9500122817 /* cocos2d_libs.xcodeproj */;
			proxyType = 1;
			remoteGlobalIDString = A07A4EFD178387670073F6A7;
			remoteInfo = "chipmunk iOS";
		};
		1AF4C2F017865DB400122817 /* PBXContainerItemProxy */ = {
			isa = PBXContainerItemProxy;
			containerPortal = 1AF4C2BB17865D9500122817 /* cocos2d_libs.xcodeproj */;
			proxyType = 1;
			remoteGlobalIDString = A07A4F3C1783876B0073F6A7;
			remoteInfo = "box2d iOS";
		};
		1AF4C2F217865DB400122817 /* PBXContainerItemProxy */ = {
			isa = PBXContainerItemProxy;
			containerPortal = 1AF4C2BB17865D9500122817 /* cocos2d_libs.xcodeproj */;
			proxyType = 1;
			remoteGlobalIDString = A07A4F9F178387730073F6A7;
			remoteInfo = "CocosDenshion iOS";
		};
		503AE10717EB99BC00D1A890 /* PBXContainerItemProxy */ = {
			isa = PBXContainerItemProxy;
			containerPortal = 1AF4C2BB17865D9500122817 /* cocos2d_libs.xcodeproj */;
			proxyType = 1;
			remoteGlobalIDString = 1551A33E158F2AB200E66CFE;
			remoteInfo = "cocos2dx Mac";
		};
		503AE10917EB99BC00D1A890 /* PBXContainerItemProxy */ = {
			isa = PBXContainerItemProxy;
			containerPortal = 1AF4C2BB17865D9500122817 /* cocos2d_libs.xcodeproj */;
			proxyType = 1;
			remoteGlobalIDString = A03F2FC117814595006731B9;
			remoteInfo = "cocos2dx-extensions Mac";
		};
		503AE10B17EB99BC00D1A890 /* PBXContainerItemProxy */ = {
			isa = PBXContainerItemProxy;
			containerPortal = 1AF4C2BB17865D9500122817 /* cocos2d_libs.xcodeproj */;
			proxyType = 1;
			remoteGlobalIDString = A03F2B781780BD04006731B9;
			remoteInfo = "chipmunk Mac";
		};
		503AE10D17EB99BC00D1A890 /* PBXContainerItemProxy */ = {
			isa = PBXContainerItemProxy;
			containerPortal = 1AF4C2BB17865D9500122817 /* cocos2d_libs.xcodeproj */;
			proxyType = 1;
			remoteGlobalIDString = A03F2D5D1780BDF7006731B9;
			remoteInfo = "box2d Mac";
		};
		503AE10F17EB99BC00D1A890 /* PBXContainerItemProxy */ = {
			isa = PBXContainerItemProxy;
			containerPortal = 1AF4C2BB17865D9500122817 /* cocos2d_libs.xcodeproj */;
			proxyType = 1;
			remoteGlobalIDString = A03F2E9817814268006731B9;
			remoteInfo = "CocosDenshion Mac";
		};
/* End PBXContainerItemProxy section */

/* Begin PBXFileReference section */
		14151C34199DB8BC0097B3A1 /* ObjectDataFactory.cpp */ = {isa = PBXFileReference; fileEncoding = 4; lastKnownFileType = sourcecode.cpp.cpp; name = ObjectDataFactory.cpp; path = ../Classes/ObjectDataFactory.cpp; sourceTree = "<group>"; };
		14151C35199DB8BC0097B3A1 /* ObjectDataFactory.h */ = {isa = PBXFileReference; fileEncoding = 4; lastKnownFileType = sourcecode.c.h; name = ObjectDataFactory.h; path = ../Classes/ObjectDataFactory.h; sourceTree = "<group>"; };
		143C5C3C199E25A10041FFEB /* BossDataFactory.cpp */ = {isa = PBXFileReference; fileEncoding = 4; lastKnownFileType = sourcecode.cpp.cpp; name = BossDataFactory.cpp; path = ../Classes/BossDataFactory.cpp; sourceTree = "<group>"; };
		143C5C3D199E25A10041FFEB /* BossDataFactory.h */ = {isa = PBXFileReference; fileEncoding = 4; lastKnownFileType = sourcecode.c.h; name = BossDataFactory.h; path = ../Classes/BossDataFactory.h; sourceTree = "<group>"; };
		143C5C45199E26650041FFEB /* BossData.cpp */ = {isa = PBXFileReference; fileEncoding = 4; lastKnownFileType = sourcecode.cpp.cpp; name = BossData.cpp; path = ../Classes/BossData.cpp; sourceTree = "<group>"; };
		143C5C46199E26650041FFEB /* BossData.h */ = {isa = PBXFileReference; fileEncoding = 4; lastKnownFileType = sourcecode.c.h; name = BossData.h; path = ../Classes/BossData.h; sourceTree = "<group>"; };
		143C5C48199E2AED0041FFEB /* ItemDataFactory.cpp */ = {isa = PBXFileReference; fileEncoding = 4; lastKnownFileType = sourcecode.cpp.cpp; name = ItemDataFactory.cpp; path = ../Classes/ItemDataFactory.cpp; sourceTree = "<group>"; };
		143C5C49199E2AED0041FFEB /* ItemDataFactory.h */ = {isa = PBXFileReference; fileEncoding = 4; lastKnownFileType = sourcecode.c.h; name = ItemDataFactory.h; path = ../Classes/ItemDataFactory.h; sourceTree = "<group>"; };
		143C5C4B199E2BEF0041FFEB /* ItemData.cpp */ = {isa = PBXFileReference; fileEncoding = 4; lastKnownFileType = sourcecode.cpp.cpp; name = ItemData.cpp; path = ../Classes/ItemData.cpp; sourceTree = "<group>"; };
		143C5C4C199E2BEF0041FFEB /* ItemData.h */ = {isa = PBXFileReference; fileEncoding = 4; lastKnownFileType = sourcecode.c.h; name = ItemData.h; path = ../Classes/ItemData.h; sourceTree = "<group>"; };
		143C5C4E199E2C6F0041FFEB /* MagicData.cpp */ = {isa = PBXFileReference; fileEncoding = 4; lastKnownFileType = sourcecode.cpp.cpp; name = MagicData.cpp; path = ../Classes/MagicData.cpp; sourceTree = "<group>"; };
		143C5C4F199E2C6F0041FFEB /* MagicData.h */ = {isa = PBXFileReference; fileEncoding = 4; lastKnownFileType = sourcecode.c.h; name = MagicData.h; path = ../Classes/MagicData.h; sourceTree = "<group>"; };
		143C5C51199E31E70041FFEB /* MagicDataFactory.cpp */ = {isa = PBXFileReference; fileEncoding = 4; lastKnownFileType = sourcecode.cpp.cpp; name = MagicDataFactory.cpp; path = ../Classes/MagicDataFactory.cpp; sourceTree = "<group>"; };
		143C5C52199E31E70041FFEB /* MagicDataFactory.h */ = {isa = PBXFileReference; fileEncoding = 4; lastKnownFileType = sourcecode.c.h; name = MagicDataFactory.h; path = ../Classes/MagicDataFactory.h; sourceTree = "<group>"; };
		143C5C54199E484F0041FFEB /* bossData.plist */ = {isa = PBXFileReference; fileEncoding = 4; lastKnownFileType = text.plist.xml; path = bossData.plist; sourceTree = "<group>"; };
		144FAD38196E5BA600F787E5 /* NendIconModule.h */ = {isa = PBXFileReference; fileEncoding = 4; lastKnownFileType = sourcecode.c.h; name = NendIconModule.h; path = ../Classes/NendIconModule.h; sourceTree = "<group>"; };
		144FAD3F196E5BC600F787E5 /* NendModule.h */ = {isa = PBXFileReference; fileEncoding = 4; lastKnownFileType = sourcecode.c.h; name = NendModule.h; path = ../Classes/NendModule.h; sourceTree = "<group>"; };
		145D32071907B8130067B357 /* OpeningLayer.cpp */ = {isa = PBXFileReference; fileEncoding = 4; lastKnownFileType = sourcecode.cpp.cpp; name = OpeningLayer.cpp; path = ../Classes/OpeningLayer.cpp; sourceTree = "<group>"; };
		145D32081907B8130067B357 /* OpeningLayer.h */ = {isa = PBXFileReference; fileEncoding = 4; lastKnownFileType = sourcecode.c.h; name = OpeningLayer.h; path = ../Classes/OpeningLayer.h; sourceTree = "<group>"; };
		145D320C1907B8130067B357 /* MainScene.cpp */ = {isa = PBXFileReference; fileEncoding = 4; lastKnownFileType = sourcecode.cpp.cpp; name = MainScene.cpp; path = ../Classes/MainScene.cpp; sourceTree = "<group>"; };
		145D320D1907B8130067B357 /* MainScene.h */ = {isa = PBXFileReference; fileEncoding = 4; lastKnownFileType = sourcecode.c.h; name = MainScene.h; path = ../Classes/MainScene.h; sourceTree = "<group>"; };
		145D321A1907B8270067B357 /* fileLookup.plist */ = {isa = PBXFileReference; fileEncoding = 4; lastKnownFileType = text.plist.xml; path = fileLookup.plist; sourceTree = "<group>"; };
		145D321B1907B8270067B357 /* Footer.ccbi */ = {isa = PBXFileReference; lastKnownFileType = file; path = Footer.ccbi; sourceTree = "<group>"; };
		145D321E1907B8270067B357 /* InputResultScene.ccbi */ = {isa = PBXFileReference; lastKnownFileType = file; path = InputResultScene.ccbi; sourceTree = "<group>"; };
		145D321F1907B8270067B357 /* MainScene.ccbi */ = {isa = PBXFileReference; lastKnownFileType = file; path = MainScene.ccbi; sourceTree = "<group>"; };
		145D32211907B8270067B357 /* Opening.ccbi */ = {isa = PBXFileReference; lastKnownFileType = file; path = Opening.ccbi; sourceTree = "<group>"; };
		145D32251907B8270067B357 /* SelectZoneScene.ccbi */ = {isa = PBXFileReference; lastKnownFileType = file; path = SelectZoneScene.ccbi; sourceTree = "<group>"; };
		145F0D8A199DCF930063F8FB /* ObjectData.cpp */ = {isa = PBXFileReference; fileEncoding = 4; lastKnownFileType = sourcecode.cpp.cpp; name = ObjectData.cpp; path = ../Classes/ObjectData.cpp; sourceTree = "<group>"; };
		145F0D8B199DCF930063F8FB /* ObjectData.h */ = {isa = PBXFileReference; fileEncoding = 4; lastKnownFileType = sourcecode.c.h; name = ObjectData.h; path = ../Classes/ObjectData.h; sourceTree = "<group>"; };
		145F0D93199DDD830063F8FB /* UnitData.cpp */ = {isa = PBXFileReference; fileEncoding = 4; lastKnownFileType = sourcecode.cpp.cpp; name = UnitData.cpp; path = ../Classes/UnitData.cpp; sourceTree = "<group>"; };
		145F0D94199DDD830063F8FB /* UnitData.h */ = {isa = PBXFileReference; fileEncoding = 4; lastKnownFileType = sourcecode.c.h; name = UnitData.h; path = ../Classes/UnitData.h; sourceTree = "<group>"; };
		145F0D96199DDEA00063F8FB /* UnitDataFactory.cpp */ = {isa = PBXFileReference; fileEncoding = 4; lastKnownFileType = sourcecode.cpp.cpp; name = UnitDataFactory.cpp; path = ../Classes/UnitDataFactory.cpp; sourceTree = "<group>"; };
		145F0D97199DDEA00063F8FB /* UnitDataFactory.h */ = {isa = PBXFileReference; fileEncoding = 4; lastKnownFileType = sourcecode.c.h; name = UnitDataFactory.h; path = ../Classes/UnitDataFactory.h; sourceTree = "<group>"; };
		147947BE1998990D00649875 /* UCAnimation.cpp */ = {isa = PBXFileReference; fileEncoding = 4; lastKnownFileType = sourcecode.cpp.cpp; path = UCAnimation.cpp; sourceTree = "<group>"; };
		147947BF1998990D00649875 /* UCAnimation.h */ = {isa = PBXFileReference; fileEncoding = 4; lastKnownFileType = sourcecode.c.h; path = UCAnimation.h; sourceTree = "<group>"; };
		1483411A199CB31F00717A59 /* GameObject.cpp */ = {isa = PBXFileReference; fileEncoding = 4; lastKnownFileType = sourcecode.cpp.cpp; name = GameObject.cpp; path = ../Classes/GameObject.cpp; sourceTree = "<group>"; };
		1483411B199CB31F00717A59 /* GameObject.h */ = {isa = PBXFileReference; fileEncoding = 4; lastKnownFileType = sourcecode.c.h; name = GameObject.h; path = ../Classes/GameObject.h; sourceTree = "<group>"; };
		1483411D199CB81E00717A59 /* GameObjectFactory.cpp */ = {isa = PBXFileReference; fileEncoding = 4; lastKnownFileType = sourcecode.cpp.cpp; name = GameObjectFactory.cpp; path = ../Classes/GameObjectFactory.cpp; sourceTree = "<group>"; };
		1483411E199CB81E00717A59 /* GameObjectFactory.h */ = {isa = PBXFileReference; fileEncoding = 4; lastKnownFileType = sourcecode.c.h; name = GameObjectFactory.h; path = ../Classes/GameObjectFactory.h; sourceTree = "<group>"; };
		14834120199CBBF400717A59 /* UnitFactory.cpp */ = {isa = PBXFileReference; fileEncoding = 4; lastKnownFileType = sourcecode.cpp.cpp; name = UnitFactory.cpp; path = ../Classes/UnitFactory.cpp; sourceTree = "<group>"; };
		14834121199CBBF400717A59 /* UnitFactory.h */ = {isa = PBXFileReference; fileEncoding = 4; lastKnownFileType = sourcecode.c.h; name = UnitFactory.h; path = ../Classes/UnitFactory.h; sourceTree = "<group>"; };
		14834123199CBCCF00717A59 /* Unit.cpp */ = {isa = PBXFileReference; fileEncoding = 4; lastKnownFileType = sourcecode.cpp.cpp; name = Unit.cpp; path = ../Classes/Unit.cpp; sourceTree = "<group>"; };
		14834124199CBCCF00717A59 /* Unit.h */ = {isa = PBXFileReference; fileEncoding = 4; lastKnownFileType = sourcecode.c.h; name = Unit.h; path = ../Classes/Unit.h; sourceTree = "<group>"; };
		14834126199CBE6D00717A59 /* ItemFactory.cpp */ = {isa = PBXFileReference; fileEncoding = 4; lastKnownFileType = sourcecode.cpp.cpp; name = ItemFactory.cpp; path = ../Classes/ItemFactory.cpp; sourceTree = "<group>"; };
		14834127199CBE6D00717A59 /* ItemFactory.h */ = {isa = PBXFileReference; fileEncoding = 4; lastKnownFileType = sourcecode.c.h; name = ItemFactory.h; path = ../Classes/ItemFactory.h; sourceTree = "<group>"; };
		14834129199CBF3000717A59 /* Item.cpp */ = {isa = PBXFileReference; fileEncoding = 4; lastKnownFileType = sourcecode.cpp.cpp; name = Item.cpp; path = ../Classes/Item.cpp; sourceTree = "<group>"; };
		1483412A199CBF3000717A59 /* Item.h */ = {isa = PBXFileReference; fileEncoding = 4; lastKnownFileType = sourcecode.c.h; name = Item.h; path = ../Classes/Item.h; sourceTree = "<group>"; };
		1483412C199CC05300717A59 /* MagicFactory.cpp */ = {isa = PBXFileReference; fileEncoding = 4; lastKnownFileType = sourcecode.cpp.cpp; name = MagicFactory.cpp; path = ../Classes/MagicFactory.cpp; sourceTree = "<group>"; };
		1483412D199CC05300717A59 /* MagicFactory.h */ = {isa = PBXFileReference; fileEncoding = 4; lastKnownFileType = sourcecode.c.h; name = MagicFactory.h; path = ../Classes/MagicFactory.h; sourceTree = "<group>"; };
		1483412F199CC12800717A59 /* Magic.cpp */ = {isa = PBXFileReference; fileEncoding = 4; lastKnownFileType = sourcecode.cpp.cpp; name = Magic.cpp; path = ../Classes/Magic.cpp; sourceTree = "<group>"; };
		14834130199CC12800717A59 /* Magic.h */ = {isa = PBXFileReference; fileEncoding = 4; lastKnownFileType = sourcecode.c.h; name = Magic.h; path = ../Classes/Magic.h; sourceTree = "<group>"; };
		14834132199CC58600717A59 /* Test.cpp */ = {isa = PBXFileReference; fileEncoding = 4; lastKnownFileType = sourcecode.cpp.cpp; name = Test.cpp; path = ../Classes/Test.cpp; sourceTree = "<group>"; };
		14834133199CC58600717A59 /* Test.h */ = {isa = PBXFileReference; fileEncoding = 4; lastKnownFileType = sourcecode.c.h; name = Test.h; path = ../Classes/Test.h; sourceTree = "<group>"; };
		1483413E199CCF4C00717A59 /* BossFactory.cpp */ = {isa = PBXFileReference; fileEncoding = 4; lastKnownFileType = sourcecode.cpp.cpp; name = BossFactory.cpp; path = ../Classes/BossFactory.cpp; sourceTree = "<group>"; };
		1483413F199CCF4C00717A59 /* BossFactory.h */ = {isa = PBXFileReference; fileEncoding = 4; lastKnownFileType = sourcecode.c.h; name = BossFactory.h; path = ../Classes/BossFactory.h; sourceTree = "<group>"; };
		14834141199CD05700717A59 /* Boss.cpp */ = {isa = PBXFileReference; fileEncoding = 4; lastKnownFileType = sourcecode.cpp.cpp; name = Boss.cpp; path = ../Classes/Boss.cpp; sourceTree = "<group>"; };
		14834142199CD05700717A59 /* Boss.h */ = {isa = PBXFileReference; fileEncoding = 4; lastKnownFileType = sourcecode.c.h; name = Boss.h; path = ../Classes/Boss.h; sourceTree = "<group>"; };
		14834144199CD22900717A59 /* BattleController.cpp */ = {isa = PBXFileReference; fileEncoding = 4; lastKnownFileType = sourcecode.cpp.cpp; name = BattleController.cpp; path = ../Classes/BattleController.cpp; sourceTree = "<group>"; };
		14834145199CD22900717A59 /* BattleController.h */ = {isa = PBXFileReference; fileEncoding = 4; lastKnownFileType = sourcecode.c.h; name = BattleController.h; path = ../Classes/BattleController.h; sourceTree = "<group>"; };
		14834147199CD6D200717A59 /* Field.cpp */ = {isa = PBXFileReference; fileEncoding = 4; lastKnownFileType = sourcecode.cpp.cpp; name = Field.cpp; path = ../Classes/Field.cpp; sourceTree = "<group>"; };
		14834148199CD6D200717A59 /* Field.h */ = {isa = PBXFileReference; fileEncoding = 4; lastKnownFileType = sourcecode.c.h; name = Field.h; path = ../Classes/Field.h; sourceTree = "<group>"; };
		1483414A199CDF3100717A59 /* User.cpp */ = {isa = PBXFileReference; fileEncoding = 4; lastKnownFileType = sourcecode.cpp.cpp; name = User.cpp; path = ../Classes/User.cpp; sourceTree = "<group>"; };
		1483414B199CDF3100717A59 /* User.h */ = {isa = PBXFileReference; fileEncoding = 4; lastKnownFileType = sourcecode.c.h; name = User.h; path = ../Classes/User.h; sourceTree = "<group>"; };
		1483414D199CE46400717A59 /* BaseObject.cpp */ = {isa = PBXFileReference; fileEncoding = 4; lastKnownFileType = sourcecode.cpp.cpp; name = BaseObject.cpp; path = ../Classes/BaseObject.cpp; sourceTree = "<group>"; };
		1483414E199CE46400717A59 /* BaseObject.h */ = {isa = PBXFileReference; fileEncoding = 4; lastKnownFileType = sourcecode.c.h; name = BaseObject.h; path = ../Classes/BaseObject.h; sourceTree = "<group>"; };
		14834150199CEE7800717A59 /* config.plist */ = {isa = PBXFileReference; fileEncoding = 4; lastKnownFileType = text.plist.xml; path = config.plist; sourceTree = "<group>"; };
		14991090197FD474004672FA /* unitData.plist */ = {isa = PBXFileReference; fileEncoding = 4; lastKnownFileType = text.plist.xml; path = unitData.plist; sourceTree = "<group>"; };
		14991098197FDFDE004672FA /* GameController.h */ = {isa = PBXFileReference; fileEncoding = 4; lastKnownFileType = sourcecode.c.h; name = GameController.h; path = ../Classes/GameController.h; sourceTree = "<group>"; };
		14991099197FDFDE004672FA /* GameController.cpp */ = {isa = PBXFileReference; fileEncoding = 4; lastKnownFileType = sourcecode.cpp.cpp; name = GameController.cpp; path = ../Classes/GameController.cpp; sourceTree = "<group>"; };
		14998D731945B9C70062FF0A /* RigidScene.ccbi */ = {isa = PBXFileReference; lastKnownFileType = file; path = RigidScene.ccbi; sourceTree = "<group>"; };
		14998D741945B9C70062FF0A /* LiquidScene.ccbi */ = {isa = PBXFileReference; lastKnownFileType = file; path = LiquidScene.ccbi; sourceTree = "<group>"; };
		14AC774D196E4C2B005047F1 /* libNendAd.a */ = {isa = PBXFileReference; lastKnownFileType = archive.ar; path = libNendAd.a; sourceTree = "<group>"; };
		14AC774E196E4C2B005047F1 /* NADIconArrayView.h */ = {isa = PBXFileReference; fileEncoding = 4; lastKnownFileType = sourcecode.c.h; path = NADIconArrayView.h; sourceTree = "<group>"; };
		14AC774F196E4C2B005047F1 /* NADIconLoader.h */ = {isa = PBXFileReference; fileEncoding = 4; lastKnownFileType = sourcecode.c.h; path = NADIconLoader.h; sourceTree = "<group>"; };
		14AC7750196E4C2B005047F1 /* NADIconView.h */ = {isa = PBXFileReference; fileEncoding = 4; lastKnownFileType = sourcecode.c.h; path = NADIconView.h; sourceTree = "<group>"; };
		14AC7751196E4C2B005047F1 /* NADView.h */ = {isa = PBXFileReference; fileEncoding = 4; lastKnownFileType = sourcecode.c.h; path = NADView.h; sourceTree = "<group>"; };
		14AC7752196E4C2B005047F1 /* NADView_readme.txt */ = {isa = PBXFileReference; fileEncoding = 4; lastKnownFileType = text; path = NADView_readme.txt; sourceTree = "<group>"; };
		14AC775B196E4C65005047F1 /* AdSupport.framework */ = {isa = PBXFileReference; lastKnownFileType = wrapper.framework; name = AdSupport.framework; path = Platforms/iPhoneOS.platform/Developer/SDKs/iPhoneOS7.0.sdk/System/Library/Frameworks/AdSupport.framework; sourceTree = DEVELOPER_DIR; };
		14AC775D196E4C6F005047F1 /* Security.framework */ = {isa = PBXFileReference; lastKnownFileType = wrapper.framework; name = Security.framework; path = Platforms/iPhoneOS.platform/Developer/SDKs/iPhoneOS7.0.sdk/System/Library/Frameworks/Security.framework; sourceTree = DEVELOPER_DIR; };
		14AC775F196E4C7D005047F1 /* ImageIO.framework */ = {isa = PBXFileReference; lastKnownFileType = wrapper.framework; name = ImageIO.framework; path = Platforms/iPhoneOS.platform/Developer/SDKs/iPhoneOS7.0.sdk/System/Library/Frameworks/ImageIO.framework; sourceTree = DEVELOPER_DIR; };
		14AC7775196E5897005047F1 /* NendModule.mm */ = {isa = PBXFileReference; fileEncoding = 4; lastKnownFileType = sourcecode.cpp.objcpp; name = NendModule.mm; path = ios/NendModule.mm; sourceTree = SOURCE_ROOT; };
		14AC7776196E5897005047F1 /* NendIconModule.mm */ = {isa = PBXFileReference; fileEncoding = 4; lastKnownFileType = sourcecode.cpp.objcpp; name = NendIconModule.mm; path = ios/NendIconModule.mm; sourceTree = SOURCE_ROOT; };
		14DADDDA193F27AB0026DEE0 /* GLES-Render.h */ = {isa = PBXFileReference; fileEncoding = 4; lastKnownFileType = sourcecode.c.h; name = "GLES-Render.h"; path = "../Classes/GLES-Render.h"; sourceTree = "<group>"; };
		14DADDDB193F27AB0026DEE0 /* GLES-Render.cpp */ = {isa = PBXFileReference; fileEncoding = 4; lastKnownFileType = sourcecode.cpp.cpp; name = "GLES-Render.cpp"; path = "../Classes/GLES-Render.cpp"; sourceTree = "<group>"; };
		14DADDE6193F2B120026DEE0 /* LiquidScene.h */ = {isa = PBXFileReference; fileEncoding = 4; lastKnownFileType = sourcecode.c.h; name = LiquidScene.h; path = ../Classes/LiquidScene.h; sourceTree = "<group>"; };
		14DADDE7193F2B120026DEE0 /* LiquidScene.cpp */ = {isa = PBXFileReference; fileEncoding = 4; lastKnownFileType = sourcecode.cpp.cpp; name = LiquidScene.cpp; path = ../Classes/LiquidScene.cpp; sourceTree = "<group>"; };
		1ACB3243164770DE00914215 /* libcurl.a */ = {isa = PBXFileReference; lastKnownFileType = archive.ar; name = libcurl.a; path = ../../cocos2dx/platform/third_party/ios/libraries/libcurl.a; sourceTree = "<group>"; };
		1AF4C2BB17865D9500122817 /* cocos2d_libs.xcodeproj */ = {isa = PBXFileReference; lastKnownFileType = "wrapper.pb-project"; name = cocos2d_libs.xcodeproj; path = ../../../cocos2d_libs.xcodeproj; sourceTree = "<group>"; };
		1AFAF8B316D35DE700DB1158 /* AppDelegate.cpp */ = {isa = PBXFileReference; fileEncoding = 4; lastKnownFileType = sourcecode.cpp.cpp; name = AppDelegate.cpp; path = ../Classes/AppDelegate.cpp; sourceTree = "<group>"; };
		1AFAF8B416D35DE700DB1158 /* AppDelegate.h */ = {isa = PBXFileReference; fileEncoding = 4; lastKnownFileType = sourcecode.c.h; name = AppDelegate.h; path = ../Classes/AppDelegate.h; sourceTree = "<group>"; };
		1D30AB110D05D00D00671497 /* Foundation.framework */ = {isa = PBXFileReference; lastKnownFileType = wrapper.framework; name = Foundation.framework; path = System/Library/Frameworks/Foundation.framework; sourceTree = SDKROOT; };
		1D6058910D05DD3D006BFB54 /* BabylonClicker iOS.app */ = {isa = PBXFileReference; explicitFileType = wrapper.application; includeInIndex = 0; path = "BabylonClicker iOS.app"; sourceTree = BUILT_PRODUCTS_DIR; };
		1DF5F4DF0D08C38300B7A737 /* UIKit.framework */ = {isa = PBXFileReference; lastKnownFileType = wrapper.framework; name = UIKit.framework; path = System/Library/Frameworks/UIKit.framework; sourceTree = SDKROOT; };
		288765A40DF7441C002DB57D /* CoreGraphics.framework */ = {isa = PBXFileReference; lastKnownFileType = wrapper.framework; name = CoreGraphics.framework; path = System/Library/Frameworks/CoreGraphics.framework; sourceTree = SDKROOT; };
		503AE0F617EB97AB00D1A890 /* Icon.icns */ = {isa = PBXFileReference; lastKnownFileType = image.icns; path = Icon.icns; sourceTree = "<group>"; };
		503AE0F717EB97AB00D1A890 /* Info.plist */ = {isa = PBXFileReference; fileEncoding = 4; lastKnownFileType = text.plist.xml; path = Info.plist; sourceTree = "<group>"; };
		503AE0FA17EB989F00D1A890 /* AppController.h */ = {isa = PBXFileReference; fileEncoding = 4; lastKnownFileType = sourcecode.c.h; name = AppController.h; path = ios/AppController.h; sourceTree = SOURCE_ROOT; };
		503AE0FB17EB989F00D1A890 /* AppController.mm */ = {isa = PBXFileReference; fileEncoding = 4; lastKnownFileType = sourcecode.cpp.objcpp; name = AppController.mm; path = ios/AppController.mm; sourceTree = SOURCE_ROOT; };
		503AE0FC17EB989F00D1A890 /* main.m */ = {isa = PBXFileReference; fileEncoding = 4; lastKnownFileType = sourcecode.c.objc; name = main.m; path = ios/main.m; sourceTree = SOURCE_ROOT; };
		503AE0FD17EB989F00D1A890 /* Prefix.pch */ = {isa = PBXFileReference; fileEncoding = 4; lastKnownFileType = sourcecode.c.h; name = Prefix.pch; path = ios/Prefix.pch; sourceTree = SOURCE_ROOT; };
		503AE0FE17EB989F00D1A890 /* RootViewController.h */ = {isa = PBXFileReference; fileEncoding = 4; lastKnownFileType = sourcecode.c.h; name = RootViewController.h; path = ios/RootViewController.h; sourceTree = SOURCE_ROOT; };
		503AE0FF17EB989F00D1A890 /* RootViewController.mm */ = {isa = PBXFileReference; fileEncoding = 4; lastKnownFileType = sourcecode.cpp.objcpp; name = RootViewController.mm; path = ios/RootViewController.mm; sourceTree = SOURCE_ROOT; };
		503AE10317EB98FF00D1A890 /* main.cpp */ = {isa = PBXFileReference; fileEncoding = 4; lastKnownFileType = sourcecode.cpp.cpp; name = main.cpp; path = mac/main.cpp; sourceTree = "<group>"; };
		503AE10417EB98FF00D1A890 /* Prefix.pch */ = {isa = PBXFileReference; fileEncoding = 4; lastKnownFileType = sourcecode.c.h; name = Prefix.pch; path = mac/Prefix.pch; sourceTree = "<group>"; };
		503AE11117EB99EE00D1A890 /* libcurl.dylib */ = {isa = PBXFileReference; lastKnownFileType = "compiled.mach-o.dylib"; name = libcurl.dylib; path = usr/lib/libcurl.dylib; sourceTree = SDKROOT; };
		503AE11A17EB9C5A00D1A890 /* IOKit.framework */ = {isa = PBXFileReference; lastKnownFileType = wrapper.framework; name = IOKit.framework; path = System/Library/Frameworks/IOKit.framework; sourceTree = SDKROOT; };
		5087E76F17EB910900C73F5D /* BabylonClicker Mac.app */ = {isa = PBXFileReference; explicitFileType = wrapper.application; includeInIndex = 0; path = "BabylonClicker Mac.app"; sourceTree = BUILT_PRODUCTS_DIR; };
		5087E77217EB970100C73F5D /* Default-568h@2x.png */ = {isa = PBXFileReference; lastKnownFileType = image.png; path = "Default-568h@2x.png"; sourceTree = "<group>"; };
		5087E77317EB970100C73F5D /* Default.png */ = {isa = PBXFileReference; lastKnownFileType = image.png; path = Default.png; sourceTree = "<group>"; };
		5087E77417EB970100C73F5D /* Default@2x.png */ = {isa = PBXFileReference; lastKnownFileType = image.png; path = "Default@2x.png"; sourceTree = "<group>"; };
		5087E77517EB970100C73F5D /* Icon-114.png */ = {isa = PBXFileReference; lastKnownFileType = image.png; path = "Icon-114.png"; sourceTree = "<group>"; };
		5087E77617EB970100C73F5D /* Icon-120.png */ = {isa = PBXFileReference; lastKnownFileType = image.png; path = "Icon-120.png"; sourceTree = "<group>"; };
		5087E77717EB970100C73F5D /* Icon-144.png */ = {isa = PBXFileReference; lastKnownFileType = image.png; path = "Icon-144.png"; sourceTree = "<group>"; };
		5087E77817EB970100C73F5D /* Icon-152.png */ = {isa = PBXFileReference; lastKnownFileType = image.png; path = "Icon-152.png"; sourceTree = "<group>"; };
		5087E77917EB970100C73F5D /* Icon-57.png */ = {isa = PBXFileReference; lastKnownFileType = image.png; path = "Icon-57.png"; sourceTree = "<group>"; };
		5087E77A17EB970100C73F5D /* Icon-72.png */ = {isa = PBXFileReference; lastKnownFileType = image.png; path = "Icon-72.png"; sourceTree = "<group>"; };
		5087E77B17EB970100C73F5D /* Icon-76.png */ = {isa = PBXFileReference; lastKnownFileType = image.png; path = "Icon-76.png"; sourceTree = "<group>"; };
		5087E77C17EB970100C73F5D /* Info.plist */ = {isa = PBXFileReference; fileEncoding = 4; lastKnownFileType = text.plist.xml; path = Info.plist; sourceTree = "<group>"; };
		5087E78817EB974C00C73F5D /* AppKit.framework */ = {isa = PBXFileReference; lastKnownFileType = wrapper.framework; name = AppKit.framework; path = System/Library/Frameworks/AppKit.framework; sourceTree = SDKROOT; };
		5087E78A17EB975400C73F5D /* OpenGL.framework */ = {isa = PBXFileReference; lastKnownFileType = wrapper.framework; name = OpenGL.framework; path = System/Library/Frameworks/OpenGL.framework; sourceTree = SDKROOT; };
		50EF629217ECD46A001EB2F8 /* Icon-40.png */ = {isa = PBXFileReference; lastKnownFileType = image.png; path = "Icon-40.png"; sourceTree = "<group>"; };
		50EF629317ECD46A001EB2F8 /* Icon-58.png */ = {isa = PBXFileReference; lastKnownFileType = image.png; path = "Icon-58.png"; sourceTree = "<group>"; };
		50EF629417ECD46A001EB2F8 /* Icon-80.png */ = {isa = PBXFileReference; lastKnownFileType = image.png; path = "Icon-80.png"; sourceTree = "<group>"; };
		50EF629517ECD46A001EB2F8 /* Icon-100.png */ = {isa = PBXFileReference; lastKnownFileType = image.png; path = "Icon-100.png"; sourceTree = "<group>"; };
		50EF62A017ECD613001EB2F8 /* Icon-29.png */ = {isa = PBXFileReference; lastKnownFileType = image.png; path = "Icon-29.png"; sourceTree = "<group>"; };
		50EF62A117ECD613001EB2F8 /* Icon-50.png */ = {isa = PBXFileReference; lastKnownFileType = image.png; path = "Icon-50.png"; sourceTree = "<group>"; };
		BF170DB012928DE900B8313A /* OpenGLES.framework */ = {isa = PBXFileReference; lastKnownFileType = wrapper.framework; name = OpenGLES.framework; path = System/Library/Frameworks/OpenGLES.framework; sourceTree = SDKROOT; };
		BF170DB412928DE900B8313A /* libz.dylib */ = {isa = PBXFileReference; lastKnownFileType = "compiled.mach-o.dylib"; name = libz.dylib; path = usr/lib/libz.dylib; sourceTree = SDKROOT; };
		BF1C47EA1293683800B63C5D /* QuartzCore.framework */ = {isa = PBXFileReference; lastKnownFileType = wrapper.framework; name = QuartzCore.framework; path = System/Library/Frameworks/QuartzCore.framework; sourceTree = SDKROOT; };
		D44C620B132DFF330009C878 /* OpenAL.framework */ = {isa = PBXFileReference; lastKnownFileType = wrapper.framework; name = OpenAL.framework; path = System/Library/Frameworks/OpenAL.framework; sourceTree = SDKROOT; };
		D44C620D132DFF430009C878 /* AVFoundation.framework */ = {isa = PBXFileReference; lastKnownFileType = wrapper.framework; name = AVFoundation.framework; path = System/Library/Frameworks/AVFoundation.framework; sourceTree = SDKROOT; };
		D44C620F132DFF4E0009C878 /* AudioToolbox.framework */ = {isa = PBXFileReference; lastKnownFileType = wrapper.framework; name = AudioToolbox.framework; path = System/Library/Frameworks/AudioToolbox.framework; sourceTree = SDKROOT; };
		F8E592D5199E642000306809 /* Iterator.h */ = {isa = PBXFileReference; fileEncoding = 4; lastKnownFileType = sourcecode.c.h; name = Iterator.h; path = ../Classes/Iterator.h; sourceTree = "<group>"; };
		F8E592DD199E657300306809 /* UnitCage.cpp */ = {isa = PBXFileReference; fileEncoding = 4; lastKnownFileType = sourcecode.cpp.cpp; name = UnitCage.cpp; path = ../Classes/UnitCage.cpp; sourceTree = "<group>"; };
		F8E592DE199E657300306809 /* UnitCage.h */ = {isa = PBXFileReference; fileEncoding = 4; lastKnownFileType = sourcecode.c.h; name = UnitCage.h; path = ../Classes/UnitCage.h; sourceTree = "<group>"; };
		F8E592E4199F127800306809 /* Subject.h */ = {isa = PBXFileReference; fileEncoding = 4; lastKnownFileType = sourcecode.c.h; name = Subject.h; path = ../Classes/Subject.h; sourceTree = "<group>"; };
		F8E592ED199F143C00306809 /* Observer.h */ = {isa = PBXFileReference; lastKnownFileType = sourcecode.c.h; name = Observer.h; path = ../Classes/Observer.h; sourceTree = "<group>"; };
		F8E592EF199F1D2D00306809 /* ObjectDataDisplay.h */ = {isa = PBXFileReference; fileEncoding = 4; lastKnownFileType = sourcecode.c.h; name = ObjectDataDisplay.h; path = ../Classes/ObjectDataDisplay.h; sourceTree = "<group>"; };
		F8E592F1199F20DE00306809 /* BossDataDisplay.cpp */ = {isa = PBXFileReference; fileEncoding = 4; lastKnownFileType = sourcecode.cpp.cpp; name = BossDataDisplay.cpp; path = ../Classes/BossDataDisplay.cpp; sourceTree = "<group>"; };
		F8E592F2199F20DE00306809 /* BossDataDisplay.h */ = {isa = PBXFileReference; fileEncoding = 4; lastKnownFileType = sourcecode.c.h; name = BossDataDisplay.h; path = ../Classes/BossDataDisplay.h; sourceTree = "<group>"; };
		F8E592F4199F262200306809 /* GameConfig.cpp */ = {isa = PBXFileReference; fileEncoding = 4; lastKnownFileType = sourcecode.cpp.cpp; name = GameConfig.cpp; path = ../Classes/GameConfig.cpp; sourceTree = "<group>"; };
		F8E592F5199F262200306809 /* GameConfig.h */ = {isa = PBXFileReference; fileEncoding = 4; lastKnownFileType = sourcecode.c.h; name = GameConfig.h; path = ../Classes/GameConfig.h; sourceTree = "<group>"; };
		F8F56D77197104250011EE0C /* resources-large */ = {isa = PBXFileReference; lastKnownFileType = folder; path = "resources-large"; sourceTree = "<group>"; };
		F8F56D78197104250011EE0C /* resources-medium */ = {isa = PBXFileReference; lastKnownFileType = folder; path = "resources-medium"; sourceTree = "<group>"; };
		F8F56D79197104250011EE0C /* resources-small */ = {isa = PBXFileReference; lastKnownFileType = folder; path = "resources-small"; sourceTree = "<group>"; };
		F8F56D7A197104250011EE0C /* resources-xlarge */ = {isa = PBXFileReference; lastKnownFileType = folder; path = "resources-xlarge"; sourceTree = "<group>"; };
		F8F56D7F197104330011EE0C /* ccbResources */ = {isa = PBXFileReference; lastKnownFileType = folder; path = ccbResources; sourceTree = "<group>"; };
		F8F56D8A1971180A0011EE0C /* AppMacros.h */ = {isa = PBXFileReference; fileEncoding = 4; lastKnownFileType = sourcecode.c.h; path = AppMacros.h; sourceTree = "<group>"; };
		F8F56D8B1971183B0011EE0C /* AppManager.cpp */ = {isa = PBXFileReference; fileEncoding = 4; lastKnownFileType = sourcecode.cpp.cpp; path = AppManager.cpp; sourceTree = "<group>"; };
		F8F56D8C1971183B0011EE0C /* AppManager.h */ = {isa = PBXFileReference; fileEncoding = 4; lastKnownFileType = sourcecode.c.h; path = AppManager.h; sourceTree = "<group>"; };
		F8F56D8E19711AFA0011EE0C /* AudioManager.cpp */ = {isa = PBXFileReference; fileEncoding = 4; lastKnownFileType = sourcecode.cpp.cpp; path = AudioManager.cpp; sourceTree = "<group>"; };
		F8F56D8F19711AFA0011EE0C /* AudioManager.h */ = {isa = PBXFileReference; fileEncoding = 4; lastKnownFileType = sourcecode.c.h; path = AudioManager.h; sourceTree = "<group>"; };
		F8F56D9019711AFA0011EE0C /* UserData.cpp */ = {isa = PBXFileReference; fileEncoding = 4; lastKnownFileType = sourcecode.cpp.cpp; path = UserData.cpp; sourceTree = "<group>"; };
		F8F56D9119711AFA0011EE0C /* UserData.h */ = {isa = PBXFileReference; fileEncoding = 4; lastKnownFileType = sourcecode.c.h; path = UserData.h; sourceTree = "<group>"; };
		F8F56D9219711AFA0011EE0C /* Utility.cpp */ = {isa = PBXFileReference; fileEncoding = 4; lastKnownFileType = sourcecode.cpp.cpp; path = Utility.cpp; sourceTree = "<group>"; };
		F8F56D9319711AFA0011EE0C /* Utility.h */ = {isa = PBXFileReference; fileEncoding = 4; lastKnownFileType = sourcecode.c.h; path = Utility.h; sourceTree = "<group>"; };
/* End PBXFileReference section */

/* Begin PBXFrameworksBuildPhase section */
		1D60588F0D05DD3D006BFB54 /* Frameworks */ = {
			isa = PBXFrameworksBuildPhase;
			buildActionMask = 2147483647;
			files = (
				14AC7753196E4C2B005047F1 /* libNendAd.a in Frameworks */,
				14AC7760196E4C7D005047F1 /* ImageIO.framework in Frameworks */,
				14AC775E196E4C6F005047F1 /* Security.framework in Frameworks */,
				14AC775C196E4C65005047F1 /* AdSupport.framework in Frameworks */,
				1AF4C2F417865DCB00122817 /* libbox2d iOS.a in Frameworks */,
				1AF4C2F517865DCB00122817 /* libchipmunk iOS.a in Frameworks */,
				1AF4C2F617865DCB00122817 /* libcocos2dx iOS.a in Frameworks */,
				1AF4C2F717865DCB00122817 /* libcocos2dx-extensions iOS.a in Frameworks */,
				1AF4C2F817865DCB00122817 /* libCocosDenshion iOS.a in Frameworks */,
				1ACB3244164770DE00914215 /* libcurl.a in Frameworks */,
				1D60589F0D05DD5A006BFB54 /* Foundation.framework in Frameworks */,
				1DF5F4E00D08C38300B7A737 /* UIKit.framework in Frameworks */,
				288765A50DF7441C002DB57D /* CoreGraphics.framework in Frameworks */,
				BF171245129291EC00B8313A /* OpenGLES.framework in Frameworks */,
				BF1712471292920000B8313A /* libz.dylib in Frameworks */,
				BF1C47F01293687400B63C5D /* QuartzCore.framework in Frameworks */,
				D44C620C132DFF330009C878 /* OpenAL.framework in Frameworks */,
				D44C620E132DFF430009C878 /* AVFoundation.framework in Frameworks */,
				D44C6210132DFF4E0009C878 /* AudioToolbox.framework in Frameworks */,
			);
			runOnlyForDeploymentPostprocessing = 0;
		};
		5087E75C17EB910900C73F5D /* Frameworks */ = {
			isa = PBXFrameworksBuildPhase;
			buildActionMask = 2147483647;
			files = (
				503AE11317EB9C0700D1A890 /* libbox2d Mac.a in Frameworks */,
				503AE11417EB9C0700D1A890 /* libchipmunk Mac.a in Frameworks */,
				503AE11517EB9C0700D1A890 /* libcocos2dx Mac.a in Frameworks */,
				503AE11617EB9C0700D1A890 /* libcocos2dx-extensions Mac.a in Frameworks */,
				503AE11717EB9C0700D1A890 /* libCocosDenshion Mac.a in Frameworks */,
				503AE11217EB99EE00D1A890 /* libcurl.dylib in Frameworks */,
				5087E76717EB910900C73F5D /* libz.dylib in Frameworks */,
				503AE11B17EB9C5A00D1A890 /* IOKit.framework in Frameworks */,
				5087E78B17EB975400C73F5D /* OpenGL.framework in Frameworks */,
				5087E78917EB974C00C73F5D /* AppKit.framework in Frameworks */,
				5087E76317EB910900C73F5D /* Foundation.framework in Frameworks */,
				5087E76517EB910900C73F5D /* CoreGraphics.framework in Frameworks */,
				5087E76817EB910900C73F5D /* QuartzCore.framework in Frameworks */,
				5087E76917EB910900C73F5D /* OpenAL.framework in Frameworks */,
				5087E76A17EB910900C73F5D /* AVFoundation.framework in Frameworks */,
				5087E76B17EB910900C73F5D /* AudioToolbox.framework in Frameworks */,
			);
			runOnlyForDeploymentPostprocessing = 0;
		};
/* End PBXFrameworksBuildPhase section */

/* Begin PBXGroup section */
		080E96DDFE201D6D7F000001 /* ios */ = {
			isa = PBXGroup;
			children = (
				14AC7775196E5897005047F1 /* NendModule.mm */,
				14AC7776196E5897005047F1 /* NendIconModule.mm */,
				5087E77117EB970100C73F5D /* Icons */,
				503AE0FA17EB989F00D1A890 /* AppController.h */,
				503AE0FB17EB989F00D1A890 /* AppController.mm */,
				503AE0FC17EB989F00D1A890 /* main.m */,
				503AE0FD17EB989F00D1A890 /* Prefix.pch */,
				503AE0FE17EB989F00D1A890 /* RootViewController.h */,
				503AE0FF17EB989F00D1A890 /* RootViewController.mm */,
			);
			name = ios;
			path = Classes;
			sourceTree = "<group>";
		};
		14AC774C196E4C2B005047F1 /* NendAd */ = {
			isa = PBXGroup;
			children = (
				14AC774D196E4C2B005047F1 /* libNendAd.a */,
				14AC774E196E4C2B005047F1 /* NADIconArrayView.h */,
				14AC774F196E4C2B005047F1 /* NADIconLoader.h */,
				14AC7750196E4C2B005047F1 /* NADIconView.h */,
				14AC7751196E4C2B005047F1 /* NADView.h */,
				14AC7752196E4C2B005047F1 /* NADView_readme.txt */,
			);
			name = NendAd;
			path = "../library/NendSDK_iOS-2.4.0/Nend/NendAd";
			sourceTree = "<group>";
		};
		15AA9C4015B7EC450033D6C2 /* Classes */ = {
			isa = PBXGroup;
			children = (
				14991098197FDFDE004672FA /* GameController.h */,
				14991099197FDFDE004672FA /* GameController.cpp */,
				14151C34199DB8BC0097B3A1 /* ObjectDataFactory.cpp */,
				14151C35199DB8BC0097B3A1 /* ObjectDataFactory.h */,
				144FAD3F196E5BC600F787E5 /* NendModule.h */,
				144FAD38196E5BA600F787E5 /* NendIconModule.h */,
				14DADDE6193F2B120026DEE0 /* LiquidScene.h */,
				14DADDE7193F2B120026DEE0 /* LiquidScene.cpp */,
				14DADDDA193F27AB0026DEE0 /* GLES-Render.h */,
				14DADDDB193F27AB0026DEE0 /* GLES-Render.cpp */,
				145D32071907B8130067B357 /* OpeningLayer.cpp */,
				145D32081907B8130067B357 /* OpeningLayer.h */,
				145D320C1907B8130067B357 /* MainScene.cpp */,
				145D320D1907B8130067B357 /* MainScene.h */,
				1AFAF8B316D35DE700DB1158 /* AppDelegate.cpp */,
				1AFAF8B416D35DE700DB1158 /* AppDelegate.h */,
				1483411A199CB31F00717A59 /* GameObject.cpp */,
				1483411B199CB31F00717A59 /* GameObject.h */,
				1483411D199CB81E00717A59 /* GameObjectFactory.cpp */,
				1483411E199CB81E00717A59 /* GameObjectFactory.h */,
				14834120199CBBF400717A59 /* UnitFactory.cpp */,
				14834121199CBBF400717A59 /* UnitFactory.h */,
				14834123199CBCCF00717A59 /* Unit.cpp */,
				14834124199CBCCF00717A59 /* Unit.h */,
				14834126199CBE6D00717A59 /* ItemFactory.cpp */,
				14834127199CBE6D00717A59 /* ItemFactory.h */,
				14834129199CBF3000717A59 /* Item.cpp */,
				1483412A199CBF3000717A59 /* Item.h */,
				1483412C199CC05300717A59 /* MagicFactory.cpp */,
				1483412D199CC05300717A59 /* MagicFactory.h */,
				1483412F199CC12800717A59 /* Magic.cpp */,
				14834130199CC12800717A59 /* Magic.h */,
				14834132199CC58600717A59 /* Test.cpp */,
				14834133199CC58600717A59 /* Test.h */,
				1483413E199CCF4C00717A59 /* BossFactory.cpp */,
				1483413F199CCF4C00717A59 /* BossFactory.h */,
				14834141199CD05700717A59 /* Boss.cpp */,
				14834142199CD05700717A59 /* Boss.h */,
				14834144199CD22900717A59 /* BattleController.cpp */,
				14834145199CD22900717A59 /* BattleController.h */,
				14834147199CD6D200717A59 /* Field.cpp */,
				14834148199CD6D200717A59 /* Field.h */,
				1483414A199CDF3100717A59 /* User.cpp */,
				1483414B199CDF3100717A59 /* User.h */,
				1483414D199CE46400717A59 /* BaseObject.cpp */,
				1483414E199CE46400717A59 /* BaseObject.h */,
				145F0D8A199DCF930063F8FB /* ObjectData.cpp */,
				145F0D8B199DCF930063F8FB /* ObjectData.h */,
				145F0D93199DDD830063F8FB /* UnitData.cpp */,
				145F0D94199DDD830063F8FB /* UnitData.h */,
				145F0D96199DDEA00063F8FB /* UnitDataFactory.cpp */,
				145F0D97199DDEA00063F8FB /* UnitDataFactory.h */,
				143C5C3C199E25A10041FFEB /* BossDataFactory.cpp */,
				143C5C3D199E25A10041FFEB /* BossDataFactory.h */,
				143C5C45199E26650041FFEB /* BossData.cpp */,
				143C5C46199E26650041FFEB /* BossData.h */,
				143C5C48199E2AED0041FFEB /* ItemDataFactory.cpp */,
				143C5C49199E2AED0041FFEB /* ItemDataFactory.h */,
				143C5C4B199E2BEF0041FFEB /* ItemData.cpp */,
				143C5C4C199E2BEF0041FFEB /* ItemData.h */,
				143C5C4E199E2C6F0041FFEB /* MagicData.cpp */,
				143C5C4F199E2C6F0041FFEB /* MagicData.h */,
				143C5C51199E31E70041FFEB /* MagicDataFactory.cpp */,
				143C5C52199E31E70041FFEB /* MagicDataFactory.h */,
				F8E592D5199E642000306809 /* Iterator.h */,
				F8E592DD199E657300306809 /* UnitCage.cpp */,
				F8E592DE199E657300306809 /* UnitCage.h */,
				F8E592E4199F127800306809 /* Subject.h */,
				F8E592ED199F143C00306809 /* Observer.h */,
				F8E592EF199F1D2D00306809 /* ObjectDataDisplay.h */,
				F8E592F1199F20DE00306809 /* BossDataDisplay.cpp */,
				F8E592F2199F20DE00306809 /* BossDataDisplay.h */,
				F8E592F4199F262200306809 /* GameConfig.cpp */,
				F8E592F5199F262200306809 /* GameConfig.h */,
			);
			name = Classes;
			path = ../classes;
			sourceTree = "<group>";
		};
		19C28FACFE9D520D11CA2CBB /* Products */ = {
			isa = PBXGroup;
			children = (
				1D6058910D05DD3D006BFB54 /* BabylonClicker iOS.app */,
				5087E76F17EB910900C73F5D /* BabylonClicker Mac.app */,
			);
			name = Products;
			sourceTree = "<group>";
		};
		1AF4C2BC17865D9500122817 /* Products */ = {
			isa = PBXGroup;
			children = (
				1AF4C2CF17865D9500122817 /* libcocos2dx Mac.a */,
				1AF4C2D117865D9500122817 /* libcocos2dx-extensions Mac.a */,
				1AF4C2D317865D9500122817 /* libchipmunk Mac.a */,
				1AF4C2D517865D9500122817 /* libbox2d Mac.a */,
				1AF4C2D717865D9500122817 /* libCocosDenshion Mac.a */,
				1AF4C2D917865D9500122817 /* libjsbindings Mac.a */,
				1AF4C2DB17865D9500122817 /* libluabindings Mac.a */,
				1AF4C2DD17865D9500122817 /* libcocos2dx iOS.a */,
				1AF4C2DF17865D9500122817 /* libcocos2dx-extensions iOS.a */,
				1AF4C2E117865D9500122817 /* libchipmunk iOS.a */,
				1AF4C2E317865D9500122817 /* libbox2d iOS.a */,
				1AF4C2E517865D9500122817 /* libCocosDenshion iOS.a */,
				1AF4C2E717865D9500122817 /* libjsbindings iOS.a */,
				1AF4C2E917865D9500122817 /* libluabindings iOS.a */,
			);
			name = Products;
			sourceTree = "<group>";
		};
		29B97314FDCFA39411CA2CEA /* CustomTemplate */ = {
			isa = PBXGroup;
			children = (
				1AF4C2BB17865D9500122817 /* cocos2d_libs.xcodeproj */,
				F8F56D891971180A0011EE0C /* UnicornEngine */,
				14AC774C196E4C2B005047F1 /* NendAd */,
				15AA9C4015B7EC450033D6C2 /* Classes */,
				29B97323FDCFA39411CA2CEA /* Frameworks */,
				080E96DDFE201D6D7F000001 /* ios */,
				503AE10617EB990700D1A890 /* mac */,
				19C28FACFE9D520D11CA2CBB /* Products */,
				78C7DDAA14EBA5050085D0C2 /* Resources */,
			);
			name = CustomTemplate;
			sourceTree = "<group>";
		};
		29B97323FDCFA39411CA2CEA /* Frameworks */ = {
			isa = PBXGroup;
			children = (
				14AC775F196E4C7D005047F1 /* ImageIO.framework */,
				14AC775D196E4C6F005047F1 /* Security.framework */,
				14AC775B196E4C65005047F1 /* AdSupport.framework */,
				503AE11A17EB9C5A00D1A890 /* IOKit.framework */,
				503AE11117EB99EE00D1A890 /* libcurl.dylib */,
				5087E78A17EB975400C73F5D /* OpenGL.framework */,
				5087E78817EB974C00C73F5D /* AppKit.framework */,
				1ACB3243164770DE00914215 /* libcurl.a */,
				BF170DB412928DE900B8313A /* libz.dylib */,
				D44C620F132DFF4E0009C878 /* AudioToolbox.framework */,
				D44C620D132DFF430009C878 /* AVFoundation.framework */,
				288765A40DF7441C002DB57D /* CoreGraphics.framework */,
				1D30AB110D05D00D00671497 /* Foundation.framework */,
				D44C620B132DFF330009C878 /* OpenAL.framework */,
				BF170DB012928DE900B8313A /* OpenGLES.framework */,
				BF1C47EA1293683800B63C5D /* QuartzCore.framework */,
				1DF5F4DF0D08C38300B7A737 /* UIKit.framework */,
			);
			name = Frameworks;
			sourceTree = "<group>";
		};
		503AE0F517EB97AB00D1A890 /* Icons */ = {
			isa = PBXGroup;
			children = (
				503AE0F617EB97AB00D1A890 /* Icon.icns */,
				503AE0F717EB97AB00D1A890 /* Info.plist */,
			);
			name = Icons;
			path = mac;
			sourceTree = SOURCE_ROOT;
		};
		503AE10617EB990700D1A890 /* mac */ = {
			isa = PBXGroup;
			children = (
				503AE0F517EB97AB00D1A890 /* Icons */,
				503AE10317EB98FF00D1A890 /* main.cpp */,
				503AE10417EB98FF00D1A890 /* Prefix.pch */,
			);
			name = mac;
			sourceTree = "<group>";
		};
		5087E77117EB970100C73F5D /* Icons */ = {
			isa = PBXGroup;
			children = (
				5087E77217EB970100C73F5D /* Default-568h@2x.png */,
				5087E77317EB970100C73F5D /* Default.png */,
				5087E77417EB970100C73F5D /* Default@2x.png */,
				50EF62A017ECD613001EB2F8 /* Icon-29.png */,
				50EF62A117ECD613001EB2F8 /* Icon-50.png */,
				50EF629217ECD46A001EB2F8 /* Icon-40.png */,
				50EF629317ECD46A001EB2F8 /* Icon-58.png */,
				50EF629417ECD46A001EB2F8 /* Icon-80.png */,
				50EF629517ECD46A001EB2F8 /* Icon-100.png */,
				5087E77517EB970100C73F5D /* Icon-114.png */,
				5087E77617EB970100C73F5D /* Icon-120.png */,
				5087E77717EB970100C73F5D /* Icon-144.png */,
				5087E77817EB970100C73F5D /* Icon-152.png */,
				5087E77917EB970100C73F5D /* Icon-57.png */,
				5087E77A17EB970100C73F5D /* Icon-72.png */,
				5087E77B17EB970100C73F5D /* Icon-76.png */,
				5087E77C17EB970100C73F5D /* Info.plist */,
			);
			name = Icons;
			path = ios;
			sourceTree = SOURCE_ROOT;
		};
		78C7DDAA14EBA5050085D0C2 /* Resources */ = {
			isa = PBXGroup;
			children = (
				143C5C54199E484F0041FFEB /* bossData.plist */,
				14834150199CEE7800717A59 /* config.plist */,
				14991090197FD474004672FA /* unitData.plist */,
				F8F56D7F197104330011EE0C /* ccbResources */,
				F8F56D77197104250011EE0C /* resources-large */,
				F8F56D78197104250011EE0C /* resources-medium */,
				F8F56D79197104250011EE0C /* resources-small */,
				F8F56D7A197104250011EE0C /* resources-xlarge */,
				14998D731945B9C70062FF0A /* RigidScene.ccbi */,
				14998D741945B9C70062FF0A /* LiquidScene.ccbi */,
				145D321A1907B8270067B357 /* fileLookup.plist */,
				145D321B1907B8270067B357 /* Footer.ccbi */,
				145D321E1907B8270067B357 /* InputResultScene.ccbi */,
				145D321F1907B8270067B357 /* MainScene.ccbi */,
				145D32211907B8270067B357 /* Opening.ccbi */,
				145D32251907B8270067B357 /* SelectZoneScene.ccbi */,
			);
			name = Resources;
			path = ../Resources;
			sourceTree = "<group>";
		};
		F8F56D891971180A0011EE0C /* UnicornEngine */ = {
			isa = PBXGroup;
			children = (
				F8F56D8E19711AFA0011EE0C /* AudioManager.cpp */,
				F8F56D8F19711AFA0011EE0C /* AudioManager.h */,
				F8F56D9019711AFA0011EE0C /* UserData.cpp */,
				F8F56D9119711AFA0011EE0C /* UserData.h */,
				F8F56D9219711AFA0011EE0C /* Utility.cpp */,
				F8F56D9319711AFA0011EE0C /* Utility.h */,
				F8F56D8A1971180A0011EE0C /* AppMacros.h */,
				F8F56D8B1971183B0011EE0C /* AppManager.cpp */,
				F8F56D8C1971183B0011EE0C /* AppManager.h */,
				147947BE1998990D00649875 /* UCAnimation.cpp */,
				147947BF1998990D00649875 /* UCAnimation.h */,
			);
			name = UnicornEngine;
			path = ../UnicornEngine;
			sourceTree = "<group>";
		};
/* End PBXGroup section */

/* Begin PBXNativeTarget section */
		1D6058900D05DD3D006BFB54 /* BabylonClicker iOS */ = {
			isa = PBXNativeTarget;
			buildConfigurationList = 1D6058960D05DD3E006BFB54 /* Build configuration list for PBXNativeTarget "BabylonClicker iOS" */;
			buildPhases = (
				1D60588D0D05DD3D006BFB54 /* Resources */,
				1D60588E0D05DD3D006BFB54 /* Sources */,
				1D60588F0D05DD3D006BFB54 /* Frameworks */,
			);
			buildRules = (
			);
			dependencies = (
				1AF4C2EB17865DB400122817 /* PBXTargetDependency */,
				1AF4C2ED17865DB400122817 /* PBXTargetDependency */,
				1AF4C2EF17865DB400122817 /* PBXTargetDependency */,
				1AF4C2F117865DB400122817 /* PBXTargetDependency */,
				1AF4C2F317865DB400122817 /* PBXTargetDependency */,
			);
			name = "BabylonClicker iOS";
			productName = iphone;
			productReference = 1D6058910D05DD3D006BFB54 /* BabylonClicker iOS.app */;
			productType = "com.apple.product-type.application";
		};
		5087E73D17EB910900C73F5D /* BabylonClicker Mac */ = {
			isa = PBXNativeTarget;
			buildConfigurationList = 5087E76C17EB910900C73F5D /* Build configuration list for PBXNativeTarget "BabylonClicker Mac" */;
			buildPhases = (
				5087E74817EB910900C73F5D /* Resources */,
				5087E75617EB910900C73F5D /* Sources */,
				5087E75C17EB910900C73F5D /* Frameworks */,
			);
			buildRules = (
			);
			dependencies = (
				503AE10817EB99BC00D1A890 /* PBXTargetDependency */,
				503AE10A17EB99BC00D1A890 /* PBXTargetDependency */,
				503AE10C17EB99BC00D1A890 /* PBXTargetDependency */,
				503AE10E17EB99BC00D1A890 /* PBXTargetDependency */,
				503AE11017EB99BC00D1A890 /* PBXTargetDependency */,
			);
			name = "BabylonClicker Mac";
			productName = iphone;
			productReference = 5087E76F17EB910900C73F5D /* BabylonClicker Mac.app */;
			productType = "com.apple.product-type.application";
		};
/* End PBXNativeTarget section */

/* Begin PBXProject section */
		29B97313FDCFA39411CA2CEA /* Project object */ = {
			isa = PBXProject;
			attributes = {
				LastUpgradeCheck = 0500;
			};
			buildConfigurationList = C01FCF4E08A954540054247B /* Build configuration list for PBXProject "BabylonClicker" */;
			compatibilityVersion = "Xcode 3.2";
			developmentRegion = English;
			hasScannedForEncodings = 1;
			knownRegions = (
				English,
				Japanese,
				French,
				German,
			);
			mainGroup = 29B97314FDCFA39411CA2CEA /* CustomTemplate */;
			projectDirPath = "";
			projectReferences = (
				{
					ProductGroup = 1AF4C2BC17865D9500122817 /* Products */;
					ProjectRef = 1AF4C2BB17865D9500122817 /* cocos2d_libs.xcodeproj */;
				},
			);
			projectRoot = "";
			targets = (
				1D6058900D05DD3D006BFB54 /* BabylonClicker iOS */,
				5087E73D17EB910900C73F5D /* BabylonClicker Mac */,
			);
		};
/* End PBXProject section */

/* Begin PBXReferenceProxy section */
		1AF4C2CF17865D9500122817 /* libcocos2dx Mac.a */ = {
			isa = PBXReferenceProxy;
			fileType = archive.ar;
			path = "libcocos2dx Mac.a";
			remoteRef = 1AF4C2CE17865D9500122817 /* PBXContainerItemProxy */;
			sourceTree = BUILT_PRODUCTS_DIR;
		};
		1AF4C2D117865D9500122817 /* libcocos2dx-extensions Mac.a */ = {
			isa = PBXReferenceProxy;
			fileType = archive.ar;
			path = "libcocos2dx-extensions Mac.a";
			remoteRef = 1AF4C2D017865D9500122817 /* PBXContainerItemProxy */;
			sourceTree = BUILT_PRODUCTS_DIR;
		};
		1AF4C2D317865D9500122817 /* libchipmunk Mac.a */ = {
			isa = PBXReferenceProxy;
			fileType = archive.ar;
			path = "libchipmunk Mac.a";
			remoteRef = 1AF4C2D217865D9500122817 /* PBXContainerItemProxy */;
			sourceTree = BUILT_PRODUCTS_DIR;
		};
		1AF4C2D517865D9500122817 /* libbox2d Mac.a */ = {
			isa = PBXReferenceProxy;
			fileType = archive.ar;
			path = "libbox2d Mac.a";
			remoteRef = 1AF4C2D417865D9500122817 /* PBXContainerItemProxy */;
			sourceTree = BUILT_PRODUCTS_DIR;
		};
		1AF4C2D717865D9500122817 /* libCocosDenshion Mac.a */ = {
			isa = PBXReferenceProxy;
			fileType = archive.ar;
			path = "libCocosDenshion Mac.a";
			remoteRef = 1AF4C2D617865D9500122817 /* PBXContainerItemProxy */;
			sourceTree = BUILT_PRODUCTS_DIR;
		};
		1AF4C2D917865D9500122817 /* libjsbindings Mac.a */ = {
			isa = PBXReferenceProxy;
			fileType = archive.ar;
			path = "libjsbindings Mac.a";
			remoteRef = 1AF4C2D817865D9500122817 /* PBXContainerItemProxy */;
			sourceTree = BUILT_PRODUCTS_DIR;
		};
		1AF4C2DB17865D9500122817 /* libluabindings Mac.a */ = {
			isa = PBXReferenceProxy;
			fileType = archive.ar;
			path = "libluabindings Mac.a";
			remoteRef = 1AF4C2DA17865D9500122817 /* PBXContainerItemProxy */;
			sourceTree = BUILT_PRODUCTS_DIR;
		};
		1AF4C2DD17865D9500122817 /* libcocos2dx iOS.a */ = {
			isa = PBXReferenceProxy;
			fileType = archive.ar;
			path = "libcocos2dx iOS.a";
			remoteRef = 1AF4C2DC17865D9500122817 /* PBXContainerItemProxy */;
			sourceTree = BUILT_PRODUCTS_DIR;
		};
		1AF4C2DF17865D9500122817 /* libcocos2dx-extensions iOS.a */ = {
			isa = PBXReferenceProxy;
			fileType = archive.ar;
			path = "libcocos2dx-extensions iOS.a";
			remoteRef = 1AF4C2DE17865D9500122817 /* PBXContainerItemProxy */;
			sourceTree = BUILT_PRODUCTS_DIR;
		};
		1AF4C2E117865D9500122817 /* libchipmunk iOS.a */ = {
			isa = PBXReferenceProxy;
			fileType = archive.ar;
			path = "libchipmunk iOS.a";
			remoteRef = 1AF4C2E017865D9500122817 /* PBXContainerItemProxy */;
			sourceTree = BUILT_PRODUCTS_DIR;
		};
		1AF4C2E317865D9500122817 /* libbox2d iOS.a */ = {
			isa = PBXReferenceProxy;
			fileType = archive.ar;
			path = "libbox2d iOS.a";
			remoteRef = 1AF4C2E217865D9500122817 /* PBXContainerItemProxy */;
			sourceTree = BUILT_PRODUCTS_DIR;
		};
		1AF4C2E517865D9500122817 /* libCocosDenshion iOS.a */ = {
			isa = PBXReferenceProxy;
			fileType = archive.ar;
			path = "libCocosDenshion iOS.a";
			remoteRef = 1AF4C2E417865D9500122817 /* PBXContainerItemProxy */;
			sourceTree = BUILT_PRODUCTS_DIR;
		};
		1AF4C2E717865D9500122817 /* libjsbindings iOS.a */ = {
			isa = PBXReferenceProxy;
			fileType = archive.ar;
			path = "libjsbindings iOS.a";
			remoteRef = 1AF4C2E617865D9500122817 /* PBXContainerItemProxy */;
			sourceTree = BUILT_PRODUCTS_DIR;
		};
		1AF4C2E917865D9500122817 /* libluabindings iOS.a */ = {
			isa = PBXReferenceProxy;
			fileType = archive.ar;
			path = "libluabindings iOS.a";
			remoteRef = 1AF4C2E817865D9500122817 /* PBXContainerItemProxy */;
			sourceTree = BUILT_PRODUCTS_DIR;
		};
/* End PBXReferenceProxy section */

/* Begin PBXResourcesBuildPhase section */
		1D60588D0D05DD3D006BFB54 /* Resources */ = {
			isa = PBXResourcesBuildPhase;
			buildActionMask = 2147483647;
			files = (
				5087E78117EB970100C73F5D /* Icon-120.png in Resources */,
				F8F56D7C197104250011EE0C /* resources-medium in Resources */,
				14834151199CEE7800717A59 /* config.plist in Resources */,
				F8F56D7D197104250011EE0C /* resources-small in Resources */,
				5087E78617EB970100C73F5D /* Icon-76.png in Resources */,
				F8F56D7B197104250011EE0C /* resources-large in Resources */,
				14991091197FD474004672FA /* unitData.plist in Resources */,
				145D32321907B8270067B357 /* SelectZoneScene.ccbi in Resources */,
				5087E77F17EB970100C73F5D /* Default@2x.png in Resources */,
				50EF629917ECD46A001EB2F8 /* Icon-100.png in Resources */,
				5087E78317EB970100C73F5D /* Icon-152.png in Resources */,
				F8F56D80197104330011EE0C /* ccbResources in Resources */,
				14AC7754196E4C2C005047F1 /* NADView_readme.txt in Resources */,
				5087E77D17EB970100C73F5D /* Default-568h@2x.png in Resources */,
				5087E78517EB970100C73F5D /* Icon-72.png in Resources */,
				145D322C1907B8270067B357 /* MainScene.ccbi in Resources */,
				50EF62A317ECD613001EB2F8 /* Icon-50.png in Resources */,
				143C5C55199E484F0041FFEB /* bossData.plist in Resources */,
				145D322B1907B8270067B357 /* InputResultScene.ccbi in Resources */,
				5087E78017EB970100C73F5D /* Icon-114.png in Resources */,
				F8F56D7E197104250011EE0C /* resources-xlarge in Resources */,
				145D32271907B8270067B357 /* fileLookup.plist in Resources */,
				50EF62A217ECD613001EB2F8 /* Icon-29.png in Resources */,
				14998D751945B9C70062FF0A /* RigidScene.ccbi in Resources */,
				145D322E1907B8270067B357 /* Opening.ccbi in Resources */,
				50EF629617ECD46A001EB2F8 /* Icon-40.png in Resources */,
				5087E78217EB970100C73F5D /* Icon-144.png in Resources */,
				50EF629817ECD46A001EB2F8 /* Icon-80.png in Resources */,
				145D32281907B8270067B357 /* Footer.ccbi in Resources */,
				5087E78417EB970100C73F5D /* Icon-57.png in Resources */,
				5087E77E17EB970100C73F5D /* Default.png in Resources */,
				50EF629717ECD46A001EB2F8 /* Icon-58.png in Resources */,
				14998D761945B9C70062FF0A /* LiquidScene.ccbi in Resources */,
			);
			runOnlyForDeploymentPostprocessing = 0;
		};
		5087E74817EB910900C73F5D /* Resources */ = {
			isa = PBXResourcesBuildPhase;
			buildActionMask = 2147483647;
			files = (
				503AE0F817EB97AB00D1A890 /* Icon.icns in Resources */,
			);
			runOnlyForDeploymentPostprocessing = 0;
		};
/* End PBXResourcesBuildPhase section */

/* Begin PBXSourcesBuildPhase section */
		1D60588E0D05DD3D006BFB54 /* Sources */ = {
			isa = PBXSourcesBuildPhase;
			buildActionMask = 2147483647;
			files = (
				14834143199CD05700717A59 /* Boss.cpp in Sources */,
				F8F56D9619711AFA0011EE0C /* Utility.cpp in Sources */,
				1483411F199CB81E00717A59 /* GameObjectFactory.cpp in Sources */,
				14DADDDE193F27AB0026DEE0 /* GLES-Render.cpp in Sources */,
				1483411C199CB31F00717A59 /* GameObject.cpp in Sources */,
				14834134199CC58600717A59 /* Test.cpp in Sources */,
				14DADDE8193F2B120026DEE0 /* LiquidScene.cpp in Sources */,
				143C5C4A199E2AED0041FFEB /* ItemDataFactory.cpp in Sources */,
				14AC7777196E5897005047F1 /* NendModule.mm in Sources */,
				145F0D8C199DCF930063F8FB /* ObjectData.cpp in Sources */,
				F8E592F3199F20DE00306809 /* BossDataDisplay.cpp in Sources */,
				143C5C47199E26650041FFEB /* BossData.cpp in Sources */,
				1483414F199CE46400717A59 /* BaseObject.cpp in Sources */,
				F8F56D9519711AFA0011EE0C /* UserData.cpp in Sources */,
				1483412E199CC05300717A59 /* MagicFactory.cpp in Sources */,
				503AE10017EB989F00D1A890 /* AppController.mm in Sources */,
				503AE10217EB989F00D1A890 /* RootViewController.mm in Sources */,
				145F0D98199DDEA00063F8FB /* UnitDataFactory.cpp in Sources */,
				14834125199CBCCF00717A59 /* Unit.cpp in Sources */,
				1AFAF8B716D35DE700DB1158 /* AppDelegate.cpp in Sources */,
				143C5C53199E31E70041FFEB /* MagicDataFactory.cpp in Sources */,
				F8F56D9419711AFA0011EE0C /* AudioManager.cpp in Sources */,
				503AE10117EB989F00D1A890 /* main.m in Sources */,
				14151C36199DB8BC0097B3A1 /* ObjectDataFactory.cpp in Sources */,
				14834140199CCF4C00717A59 /* BossFactory.cpp in Sources */,
				1499109A197FDFDE004672FA /* GameController.cpp in Sources */,
				1483412B199CBF3000717A59 /* Item.cpp in Sources */,
				143C5C50199E2C6F0041FFEB /* MagicData.cpp in Sources */,
				145D32121907B8130067B357 /* MainScene.cpp in Sources */,
				145D32101907B8130067B357 /* OpeningLayer.cpp in Sources */,
				14834146199CD22900717A59 /* BattleController.cpp in Sources */,
				F8F56D8D1971183B0011EE0C /* AppManager.cpp in Sources */,
				14834131199CC12800717A59 /* Magic.cpp in Sources */,
				1483414C199CDF3100717A59 /* User.cpp in Sources */,
				F8E592DF199E657300306809 /* UnitCage.cpp in Sources */,
				143C5C3E199E25A10041FFEB /* BossDataFactory.cpp in Sources */,
				14834128199CBE6D00717A59 /* ItemFactory.cpp in Sources */,
				145F0D95199DDD830063F8FB /* UnitData.cpp in Sources */,
				143C5C4D199E2BEF0041FFEB /* ItemData.cpp in Sources */,
				147947C01998990D00649875 /* UCAnimation.cpp in Sources */,
				14834149199CD6D200717A59 /* Field.cpp in Sources */,
				14834122199CBBF400717A59 /* UnitFactory.cpp in Sources */,
				14AC7778196E5897005047F1 /* NendIconModule.mm in Sources */,
				F8E592F6199F262200306809 /* GameConfig.cpp in Sources */,
			);
			runOnlyForDeploymentPostprocessing = 0;
		};
		5087E75617EB910900C73F5D /* Sources */ = {
			isa = PBXSourcesBuildPhase;
			buildActionMask = 2147483647;
			files = (
				5087E75717EB910900C73F5D /* AppDelegate.cpp in Sources */,
				503AE10517EB98FF00D1A890 /* main.cpp in Sources */,
			);
			runOnlyForDeploymentPostprocessing = 0;
		};
/* End PBXSourcesBuildPhase section */

/* Begin PBXTargetDependency section */
		1AF4C2EB17865DB400122817 /* PBXTargetDependency */ = {
			isa = PBXTargetDependency;
			name = "cocos2dx iOS";
			targetProxy = 1AF4C2EA17865DB400122817 /* PBXContainerItemProxy */;
		};
		1AF4C2ED17865DB400122817 /* PBXTargetDependency */ = {
			isa = PBXTargetDependency;
			name = "cocos2dx-extensions iOS";
			targetProxy = 1AF4C2EC17865DB400122817 /* PBXContainerItemProxy */;
		};
		1AF4C2EF17865DB400122817 /* PBXTargetDependency */ = {
			isa = PBXTargetDependency;
			name = "chipmunk iOS";
			targetProxy = 1AF4C2EE17865DB400122817 /* PBXContainerItemProxy */;
		};
		1AF4C2F117865DB400122817 /* PBXTargetDependency */ = {
			isa = PBXTargetDependency;
			name = "box2d iOS";
			targetProxy = 1AF4C2F017865DB400122817 /* PBXContainerItemProxy */;
		};
		1AF4C2F317865DB400122817 /* PBXTargetDependency */ = {
			isa = PBXTargetDependency;
			name = "CocosDenshion iOS";
			targetProxy = 1AF4C2F217865DB400122817 /* PBXContainerItemProxy */;
		};
		503AE10817EB99BC00D1A890 /* PBXTargetDependency */ = {
			isa = PBXTargetDependency;
			name = "cocos2dx Mac";
			targetProxy = 503AE10717EB99BC00D1A890 /* PBXContainerItemProxy */;
		};
		503AE10A17EB99BC00D1A890 /* PBXTargetDependency */ = {
			isa = PBXTargetDependency;
			name = "cocos2dx-extensions Mac";
			targetProxy = 503AE10917EB99BC00D1A890 /* PBXContainerItemProxy */;
		};
		503AE10C17EB99BC00D1A890 /* PBXTargetDependency */ = {
			isa = PBXTargetDependency;
			name = "chipmunk Mac";
			targetProxy = 503AE10B17EB99BC00D1A890 /* PBXContainerItemProxy */;
		};
		503AE10E17EB99BC00D1A890 /* PBXTargetDependency */ = {
			isa = PBXTargetDependency;
			name = "box2d Mac";
			targetProxy = 503AE10D17EB99BC00D1A890 /* PBXContainerItemProxy */;
		};
		503AE11017EB99BC00D1A890 /* PBXTargetDependency */ = {
			isa = PBXTargetDependency;
			name = "CocosDenshion Mac";
			targetProxy = 503AE10F17EB99BC00D1A890 /* PBXContainerItemProxy */;
		};
/* End PBXTargetDependency section */

/* Begin XCBuildConfiguration section */
		1D6058940D05DD3E006BFB54 /* Debug */ = {
			isa = XCBuildConfiguration;
			buildSettings = {
				ALWAYS_SEARCH_USER_PATHS = NO;
				ARCHS = (
					armv7s,
					armv7,
				);
				CODE_SIGN_IDENTITY = "iPhone Developer";
				COMPRESS_PNG_FILES = NO;
				GCC_DYNAMIC_NO_PIC = NO;
				GCC_INLINES_ARE_PRIVATE_EXTERN = NO;
				GCC_PRECOMPILE_PREFIX_HEADER = YES;
				GCC_PREFIX_HEADER = ios/Prefix.pch;
				GCC_PREPROCESSOR_DEFINITIONS = (
					USE_FILE32API,
					CC_TARGET_OS_IPHONE,
					"COCOS2D_DEBUG=1",
					"CC_ENABLE_BOX2D_INTEGRATION=1",
					UNICORN_DEBUG,
				);
				GCC_SYMBOLS_PRIVATE_EXTERN = NO;
				HEADER_SEARCH_PATHS = (
					"$(SRCROOT)/../../../CocosDenshion/include",
					"$(SRCROOT)/../../../external/chipmunk/include/constraints",
					"$(SRCROOT)/../../../external/chipmunk/include/chipmunk",
					"$(SRCROOT)/../../../extensions",
					"$(SRCROOT)/../../../cocos2dx/kazmath/include",
					"$(SRCROOT)/../../../external",
					"$(SRCROOT)/../../../cocos2dx",
					"$(SRCROOT)/../../../cocos2dx/include",
					"$(SRCROOT)/../../../cocos2dx/platform/third_party/ios",
					"$(SRCROOT)/../../../cocos2dx/platform/ios",
					"$(SRCROOT)/../../../cocos2dx/platform/ios/Simulation",
					"$(SRCROOT)/../../../external/Box2D",
					"$(SRCROOT)/../UnicornEngine",
				);
				INFOPLIST_FILE = ios/Info.plist;
				IPHONEOS_DEPLOYMENT_TARGET = 6.1;
				LIBRARY_SEARCH_PATHS = (
					"$(SRCROOT)/../../../cocos2dx/platform/third_party/ios/libraries",
					"$(SRCROOT)/../../../external/libwebsockets/ios/lib",
					"$(SRCROOT)/../library/NendSDK_iOS-2.4.0/Nend/NendAd",
				);
				PRODUCT_NAME = "BabylonClicker iOS";
				SDKROOT = iphoneos;
				TARGETED_DEVICE_FAMILY = "1,2";
				USER_HEADER_SEARCH_PATHS = "";
			};
			name = Debug;
		};
		1D6058950D05DD3E006BFB54 /* Release */ = {
			isa = XCBuildConfiguration;
			buildSettings = {
				ALWAYS_SEARCH_USER_PATHS = NO;
				ARCHS = (
					armv7s,
					armv7,
				);
				CODE_SIGN_IDENTITY = "iPhone Developer";
				COMPRESS_PNG_FILES = NO;
				GCC_INLINES_ARE_PRIVATE_EXTERN = NO;
				GCC_PRECOMPILE_PREFIX_HEADER = YES;
				GCC_PREFIX_HEADER = ios/Prefix.pch;
				GCC_PREPROCESSOR_DEFINITIONS = (
					USE_FILE32API,
					CC_TARGET_OS_IPHONE,
					"CC_ENABLE_BOX2D_INTEGRATION=1",
				);
				GCC_SYMBOLS_PRIVATE_EXTERN = NO;
				HEADER_SEARCH_PATHS = (
					"$(SRCROOT)/../../../CocosDenshion/include",
					"$(SRCROOT)/../../../external/chipmunk/include/constraints",
					"$(SRCROOT)/../../../external/chipmunk/include/chipmunk",
					"$(SRCROOT)/../../../extensions",
					"$(SRCROOT)/../../../cocos2dx/kazmath/include",
					"$(SRCROOT)/../../../external",
					"$(SRCROOT)/../../../cocos2dx",
					"$(SRCROOT)/../../../cocos2dx/include",
					"$(SRCROOT)/../../../cocos2dx/platform/third_party/ios",
					"$(SRCROOT)/../../../cocos2dx/platform/ios",
					"$(SRCROOT)/../../../cocos2dx/platform/ios/Simulation",
					"$(SRCROOT)/../../../external/Box2D",
					"$(SRCROOT)/../UnicornEngine",
				);
				INFOPLIST_FILE = ios/Info.plist;
				IPHONEOS_DEPLOYMENT_TARGET = 6.1;
				LIBRARY_SEARCH_PATHS = (
					"$(SRCROOT)/../../../cocos2dx/platform/third_party/ios/libraries",
					"$(SRCROOT)/../../../external/libwebsockets/ios/lib",
					"$(SRCROOT)/../library/NendSDK_iOS-2.4.0/Nend/NendAd",
				);
				PRODUCT_NAME = "BabylonClicker iOS";
				SDKROOT = iphoneos;
				TARGETED_DEVICE_FAMILY = "1,2";
				USER_HEADER_SEARCH_PATHS = "";
			};
			name = Release;
		};
		5087E76D17EB910900C73F5D /* Debug */ = {
			isa = XCBuildConfiguration;
			buildSettings = {
				ALWAYS_SEARCH_USER_PATHS = NO;
				ARCHS = "$(ARCHS_STANDARD_64_BIT)";
				CLANG_CXX_LANGUAGE_STANDARD = "c++0x";
				CLANG_CXX_LIBRARY = "libc++";
				GCC_DYNAMIC_NO_PIC = NO;
				GCC_INLINES_ARE_PRIVATE_EXTERN = NO;
				GCC_PRECOMPILE_PREFIX_HEADER = YES;
				GCC_PREFIX_HEADER = mac/Prefix.pch;
				GCC_PREPROCESSOR_DEFINITIONS = (
					USE_FILE32API,
					CC_TARGET_OS_MAC,
					"COCOS2D_DEBUG=1",
					"CC_ENABLE_CHIPMUNK_INTEGRATION=1",
				);
				GCC_SYMBOLS_PRIVATE_EXTERN = NO;
				HEADER_SEARCH_PATHS = (
					"$(SRCROOT)/../../../CocosDenshion/include",
					"$(SRCROOT)/../../../external/chipmunk/include/constraints",
					"$(SRCROOT)/../../../external/chipmunk/include/chipmunk",
					"$(SRCROOT)/../../../extensions",
					"$(SRCROOT)/../../../cocos2dx/kazmath/include",
					"$(SRCROOT)/../../../external",
					"$(SRCROOT)/../../../cocos2dx",
					"$(SRCROOT)/../../../cocos2dx/include",
					"$(SRCROOT)/../../../cocos2dx/platform/third_party/mac",
					"$(SRCROOT)/../../../cocos2dx/platform/mac",
				);
				INFOPLIST_FILE = mac/Info.plist;
				LIBRARY_SEARCH_PATHS = (
					"$(SRCROOT)/../../../cocos2dx/platform/third_party/mac/libraries",
					"$(SRCROOT)/../../../external/libwebsockets/mac/lib",
				);
				PRODUCT_NAME = "BabylonClicker Mac";
				USER_HEADER_SEARCH_PATHS = "";
			};
			name = Debug;
		};
		5087E76E17EB910900C73F5D /* Release */ = {
			isa = XCBuildConfiguration;
			buildSettings = {
				ALWAYS_SEARCH_USER_PATHS = NO;
				ARCHS = "$(ARCHS_STANDARD_64_BIT)";
				CLANG_CXX_LANGUAGE_STANDARD = "c++0x";
				CLANG_CXX_LIBRARY = "libc++";
				GCC_INLINES_ARE_PRIVATE_EXTERN = NO;
				GCC_PRECOMPILE_PREFIX_HEADER = YES;
				GCC_PREFIX_HEADER = mac/Prefix.pch;
				GCC_PREPROCESSOR_DEFINITIONS = (
					USE_FILE32API,
					CC_TARGET_OS_MAC,
					"CC_ENABLE_CHIPMUNK_INTEGRATION=1",
				);
				GCC_SYMBOLS_PRIVATE_EXTERN = NO;
				HEADER_SEARCH_PATHS = (
					"$(SRCROOT)/../../../CocosDenshion/include",
					"$(SRCROOT)/../../../external/chipmunk/include/constraints",
					"$(SRCROOT)/../../../external/chipmunk/include/chipmunk",
					"$(SRCROOT)/../../../extensions",
					"$(SRCROOT)/../../../cocos2dx/kazmath/include",
					"$(SRCROOT)/../../../external",
					"$(SRCROOT)/../../../cocos2dx",
					"$(SRCROOT)/../../../cocos2dx/include",
					"$(SRCROOT)/../../../cocos2dx/platform/third_party/mac",
					"$(SRCROOT)/../../../cocos2dx/platform/mac",
				);
				INFOPLIST_FILE = mac/Info.plist;
				LIBRARY_SEARCH_PATHS = (
					"$(SRCROOT)/../../../cocos2dx/platform/third_party/mac/libraries",
					"$(SRCROOT)/../../../external/libwebsockets/mac/lib",
				);
				PRODUCT_NAME = "BabylonClicker Mac";
				USER_HEADER_SEARCH_PATHS = "";
			};
			name = Release;
		};
		C01FCF4F08A954540054247B /* Debug */ = {
			isa = XCBuildConfiguration;
			buildSettings = {
				CLANG_CXX_LANGUAGE_STANDARD = "c++0x";
				CLANG_CXX_LIBRARY = "libc++";
				COPY_PHASE_STRIP = NO;
				GCC_OPTIMIZATION_LEVEL = 0;
				GCC_PREPROCESSOR_DEFINITIONS = "";
				GCC_WARN_ABOUT_RETURN_TYPE = YES;
				GCC_WARN_UNUSED_VARIABLE = YES;
				ONLY_ACTIVE_ARCH = YES;
				PRODUCT_NAME = "$(TARGET_NAME)";
				SDKROOT = macosx;
			};
			name = Debug;
		};
		C01FCF5008A954540054247B /* Release */ = {
			isa = XCBuildConfiguration;
			buildSettings = {
				CLANG_CXX_LANGUAGE_STANDARD = "c++0x";
				CLANG_CXX_LIBRARY = "libc++";
				GCC_PREPROCESSOR_DEFINITIONS = "";
				GCC_WARN_ABOUT_RETURN_TYPE = YES;
				GCC_WARN_UNUSED_VARIABLE = YES;
				OTHER_CFLAGS = "-DNS_BLOCK_ASSERTIONS=1";
				PRODUCT_NAME = "$(TARGET_NAME)";
				SDKROOT = macosx;
				VALIDATE_PRODUCT = YES;
			};
			name = Release;
		};
/* End XCBuildConfiguration section */

/* Begin XCConfigurationList section */
		1D6058960D05DD3E006BFB54 /* Build configuration list for PBXNativeTarget "BabylonClicker iOS" */ = {
			isa = XCConfigurationList;
			buildConfigurations = (
				1D6058940D05DD3E006BFB54 /* Debug */,
				1D6058950D05DD3E006BFB54 /* Release */,
			);
			defaultConfigurationIsVisible = 0;
			defaultConfigurationName = Debug;
		};
		5087E76C17EB910900C73F5D /* Build configuration list for PBXNativeTarget "BabylonClicker Mac" */ = {
			isa = XCConfigurationList;
			buildConfigurations = (
				5087E76D17EB910900C73F5D /* Debug */,
				5087E76E17EB910900C73F5D /* Release */,
			);
			defaultConfigurationIsVisible = 0;
			defaultConfigurationName = Debug;
		};
		C01FCF4E08A954540054247B /* Build configuration list for PBXProject "BabylonClicker" */ = {
			isa = XCConfigurationList;
			buildConfigurations = (
				C01FCF4F08A954540054247B /* Debug */,
				C01FCF5008A954540054247B /* Release */,
			);
			defaultConfigurationIsVisible = 0;
			defaultConfigurationName = Debug;
		};
/* End XCConfigurationList section */
	};
	rootObject = 29B97313FDCFA39411CA2CEA /* Project object */;
}
